<?xml version="1.0" encoding="utf-8"?>
<Project ToolsVersion="4.0" xmlns="http://schemas.microsoft.com/developer/msbuild/2003">
  <ItemGroup>
    <Filter Include="UART">
      <UniqueIdentifier>{be4a69fa-ba1c-4524-b5ab-a2280b31d562}</UniqueIdentifier>
    </Filter>
    <Filter Include="PWMDAC">
      <UniqueIdentifier>{fc26cfa4-07c6-4961-ac5c-4cfcb590242c}</UniqueIdentifier>
    </Filter>
    <Filter Include="FT232R">
      <UniqueIdentifier>{8d18d348-9c7d-4917-8d1c-958ef7b71a36}</UniqueIdentifier>
    </Filter>
    <Filter Include="GPIO">
      <UniqueIdentifier>{cc2aebaf-6eeb-4c4e-82f2-c33b7d37c26b}</UniqueIdentifier>
    </Filter>
    <Filter Include="SPI">
      <UniqueIdentifier>{780fbbc6-9d72-437a-be62-cb62c7c6c3cb}</UniqueIdentifier>
    </Filter>
    <Filter Include="PulseOxyGlue">
      <UniqueIdentifier>{fd947c1e-d332-4d27-8ffd-8af8ca51333b}</UniqueIdentifier>
    </Filter>
    <Filter Include="NJL5501R">
      <UniqueIdentifier>{53aec5ca-23ac-4c8a-a402-7db34120959d}</UniqueIdentifier>
    </Filter>
    <Filter Include="PulseOxyApp">
      <UniqueIdentifier>{4128fc58-2244-472d-808a-7a6c0975de32}</UniqueIdentifier>
    </Filter>
    <Filter Include="PulseOxyAnalogEmitterDrive">
      <UniqueIdentifier>{82824820-0759-48be-91d7-904c1a8bb3bf}</UniqueIdentifier>
    </Filter>
    <Filter Include="PulseOxyAnalogIn">
      <UniqueIdentifier>{336d4560-8b94-41fa-b6e4-b492e81cc66b}</UniqueIdentifier>
    </Filter>
    <Filter Include="POR">
      <UniqueIdentifier>{744ff867-70b6-45bd-bb85-e8ebbb6eaf7a}</UniqueIdentifier>
    </Filter>
    <Filter Include="Arduino">
      <UniqueIdentifier>{a1caf3b4-b31b-4424-969a-3868caedc5b1}</UniqueIdentifier>
    </Filter>
    <Filter Include="SCBus">
      <UniqueIdentifier>{59036dab-e4c2-4bc4-909e-e149b868d4eb}</UniqueIdentifier>
    </Filter>
    <Filter Include="SCBusApp">
      <UniqueIdentifier>{bab3e395-e60e-4c76-8253-92d23bee95ac}</UniqueIdentifier>
    </Filter>
    <Filter Include="ArduinoSCBus">
      <UniqueIdentifier>{a05baafc-4bc0-43ff-80a9-5c9d6ab58be2}</UniqueIdentifier>
    </Filter>
    <Filter Include="Primitives">
      <UniqueIdentifier>{7da12055-d613-4712-8033-b50d230bf3c8}</UniqueIdentifier>
    </Filter>
    <Filter Include="ArduinoUART">
      <UniqueIdentifier>{ffd8864f-81ba-4dad-96fc-5af1f5495901}</UniqueIdentifier>
    </Filter>
    <Filter Include="VCDSource">
      <UniqueIdentifier>{43cca6a5-039c-4894-aa61-d7f7032594df}</UniqueIdentifier>
    </Filter>
    <Filter Include="ArduinoRandom">
      <UniqueIdentifier>{7687b2e5-19bd-4c66-9ea1-65722989290e}</UniqueIdentifier>
    </Filter>
    <Filter Include="Analog_Src">
      <UniqueIdentifier>{e333c1ff-8778-4ef4-b509-05596cd83e93}</UniqueIdentifier>
    </Filter>
    <Filter Include="CCLED">
      <UniqueIdentifier>{67bfe540-dce6-4cde-b140-ca8a214946fd}</UniqueIdentifier>
    </Filter>
  </ItemGroup>
  <ItemGroup>
    <ClCompile Include="..\UART\uart.cpp">
      <Filter>UART</Filter>
    </ClCompile>
    <ClCompile Include="..\PWMDAC\pwmdac.cpp">
      <Filter>PWMDAC</Filter>
    </ClCompile>
    <ClCompile Include="..\FT232R\usb_core.cpp">
      <Filter>FT232R</Filter>
    </ClCompile>
    <ClCompile Include="..\FT232R\usb_crc5.cpp">
      <Filter>FT232R</Filter>
    </ClCompile>
    <ClCompile Include="..\FT232R\usb_crc16.cpp">
      <Filter>FT232R</Filter>
    </ClCompile>
    <ClCompile Include="..\FT232R\usb_dma.cpp">
      <Filter>FT232R</Filter>
    </ClCompile>
    <ClCompile Include="..\FT232R\usb_ep0.cpp">
      <Filter>FT232R</Filter>
    </ClCompile>
    <ClCompile Include="..\FT232R\usb_fifo2.cpp">
      <Filter>FT232R</Filter>
    </ClCompile>
    <ClCompile Include="..\FT232R\usb_fifo64x8.cpp">
      <Filter>FT232R</Filter>
    </ClCompile>
    <ClCompile Include="..\FT232R\usb_fifo128x8.cpp">
      <Filter>FT232R</Filter>
    </ClCompile>
    <ClCompile Include="..\FT232R\usb_fifo512x8.cpp">
      <Filter>FT232R</Filter>
    </ClCompile>
    <ClCompile Include="..\FT232R\usb_pa_sie.cpp">
      <Filter>FT232R</Filter>
    </ClCompile>
    <ClCompile Include="..\FT232R\usb_pd_sie.cpp">
      <Filter>FT232R</Filter>
    </ClCompile>
    <ClCompile Include="..\FT232R\usb_pe_sie.cpp">
      <Filter>FT232R</Filter>
    </ClCompile>
    <ClCompile Include="..\FT232R\usb_phy.cpp">
      <Filter>FT232R</Filter>
    </ClCompile>
    <ClCompile Include="..\FT232R\usb_ram64x8.cpp">
      <Filter>FT232R</Filter>
    </ClCompile>
    <ClCompile Include="..\FT232R\usb_ram128x8.cpp">
      <Filter>FT232R</Filter>
    </ClCompile>
    <ClCompile Include="..\FT232R\usb_ram512x8.cpp">
      <Filter>FT232R</Filter>
    </ClCompile>
    <ClCompile Include="..\FT232R\usb_rx_phy.cpp">
      <Filter>FT232R</Filter>
    </ClCompile>
    <ClCompile Include="..\FT232R\usb_sie.cpp">
      <Filter>FT232R</Filter>
    </ClCompile>
    <ClCompile Include="..\FT232R\usb_tx_phy.cpp">
      <Filter>FT232R</Filter>
    </ClCompile>
    <ClCompile Include="..\GPIO\gpio.cpp">
      <Filter>GPIO</Filter>
    </ClCompile>
    <ClCompile Include="..\SPI\spi.cpp">
      <Filter>SPI</Filter>
    </ClCompile>
    <ClCompile Include="..\PulseOxyGlue\PulseOxyGlue.cpp">
      <Filter>PulseOxyGlue</Filter>
    </ClCompile>
    <ClCompile Include="..\NJL5501R\njl5501r.cpp">
      <Filter>NJL5501R</Filter>
    </ClCompile>
    <ClCompile Include="..\PulseOxyApp\PulseOxyApp.cpp">
      <Filter>PulseOxyApp</Filter>
    </ClCompile>
    <ClCompile Include="..\PulseOxyAnalogEmitterDrive\PulseOxyAnalogEmitterDrive.cpp">
      <Filter>PulseOxyAnalogEmitterDrive</Filter>
    </ClCompile>
    <ClCompile Include="..\PulseOxyAnalogIn\PulseOxyAnalogIn.cpp">
      <Filter>PulseOxyAnalogIn</Filter>
    </ClCompile>
    <ClCompile Include="..\POR\por.cpp">
      <Filter>POR</Filter>
    </ClCompile>
    <ClCompile Include="..\SCBus\SCBus.cpp">
      <Filter>SCBus</Filter>
    </ClCompile>
    <ClCompile Include="..\SCBusApp\SCBusApp.cpp">
      <Filter>SCBusApp</Filter>
    </ClCompile>
    <ClCompile Include="..\ArduinoSCBus\ArduinoSCBus.cpp">
      <Filter>ArduinoSCBus</Filter>
    </ClCompile>
    <ClCompile Include="..\ArduinoUART\ArduinoUART.cpp">
      <Filter>ArduinoUART</Filter>
    </ClCompile>
    <ClCompile Include="..\VCDSource\Scanner.cpp">
      <Filter>VCDSource</Filter>
    </ClCompile>
    <ClCompile Include="..\VCDSource\Tokenizer.cpp">
      <Filter>VCDSource</Filter>
    </ClCompile>
    <ClCompile Include="..\VCDSource\VCDSource.cpp">
      <Filter>VCDSource</Filter>
    </ClCompile>
    <ClCompile Include="..\ANALOG_SRC\analogSrc.cpp">
      <Filter>Analog_Src</Filter>
    </ClCompile>
    <ClCompile Include="..\Arduino\Arduino.cpp">
      <Filter>Arduino</Filter>
    </ClCompile>
    <ClCompile Include="..\ArduinoRandom\ArduinoRandom.cpp">
      <Filter>ArduinoRandom</Filter>
    </ClCompile>
    <ClCompile Include="..\CCLED\ccled.cpp">
      <Filter>CCLED</Filter>
    </ClCompile>
  </ItemGroup>
  <ItemGroup>
    <ClInclude Include="..\UART\uart.h">
      <Filter>UART</Filter>
    </ClInclude>
    <ClInclude Include="..\PWMDAC\pwmdac.h">
      <Filter>PWMDAC</Filter>
    </ClInclude>
    <ClInclude Include="..\FT232R\ft232r.h">
      <Filter>FT232R</Filter>
    </ClInclude>
    <ClInclude Include="..\FT232R\usb.h">
      <Filter>FT232R</Filter>
    </ClInclude>
    <ClInclude Include="..\FT232R\usb_core.h">
      <Filter>FT232R</Filter>
    </ClInclude>
    <ClInclude Include="..\FT232R\usb_crc5.h">
      <Filter>FT232R</Filter>
    </ClInclude>
    <ClInclude Include="..\FT232R\usb_crc16.h">
      <Filter>FT232R</Filter>
    </ClInclude>
    <ClInclude Include="..\FT232R\usb_defines.h">
      <Filter>FT232R</Filter>
    </ClInclude>
    <ClInclude Include="..\FT232R\usb_dma.h">
      <Filter>FT232R</Filter>
    </ClInclude>
    <ClInclude Include="..\FT232R\usb_ep0.h">
      <Filter>FT232R</Filter>
    </ClInclude>
    <ClInclude Include="..\FT232R\usb_fifo2.h">
      <Filter>FT232R</Filter>
    </ClInclude>
    <ClInclude Include="..\FT232R\usb_fifo64x8.h">
      <Filter>FT232R</Filter>
    </ClInclude>
    <ClInclude Include="..\FT232R\usb_fifo128x8.h">
      <Filter>FT232R</Filter>
    </ClInclude>
    <ClInclude Include="..\FT232R\usb_fifo512x8.h">
      <Filter>FT232R</Filter>
    </ClInclude>
    <ClInclude Include="..\FT232R\usb_pa_sie.h">
      <Filter>FT232R</Filter>
    </ClInclude>
    <ClInclude Include="..\FT232R\usb_pd_sie.h">
      <Filter>FT232R</Filter>
    </ClInclude>
    <ClInclude Include="..\FT232R\usb_pe_sie.h">
      <Filter>FT232R</Filter>
    </ClInclude>
    <ClInclude Include="..\FT232R\usb_phy.h">
      <Filter>FT232R</Filter>
    </ClInclude>
    <ClInclude Include="..\FT232R\usb_ram64x8.h">
      <Filter>FT232R</Filter>
    </ClInclude>
    <ClInclude Include="..\FT232R\usb_ram128x8.h">
      <Filter>FT232R</Filter>
    </ClInclude>
    <ClInclude Include="..\FT232R\usb_ram512x8.h">
      <Filter>FT232R</Filter>
    </ClInclude>
    <ClInclude Include="..\FT232R\usb_rom.h">
      <Filter>FT232R</Filter>
    </ClInclude>
    <ClInclude Include="..\FT232R\usb_rom_addr.h">
      <Filter>FT232R</Filter>
    </ClInclude>
    <ClInclude Include="..\FT232R\usb_rx_phy.h">
      <Filter>FT232R</Filter>
    </ClInclude>
    <ClInclude Include="..\FT232R\usb_sie.h">
      <Filter>FT232R</Filter>
    </ClInclude>
    <ClInclude Include="..\FT232R\usb_tx_phy.h">
      <Filter>FT232R</Filter>
    </ClInclude>
    <ClInclude Include="..\GPIO\gpio.h">
      <Filter>GPIO</Filter>
    </ClInclude>
    <ClInclude Include="..\SPI\spi.h">
      <Filter>SPI</Filter>
    </ClInclude>
    <ClInclude Include="..\PulseOxyGlue\PulseOxyGlue.h">
      <Filter>PulseOxyGlue</Filter>
    </ClInclude>
    <ClInclude Include="..\NJL5501R\njl5501r.h">
      <Filter>NJL5501R</Filter>
    </ClInclude>
    <ClInclude Include="..\PulseOxyApp\PulseOxyApp.h">
      <Filter>PulseOxyApp</Filter>
    </ClInclude>
    <ClInclude Include="..\PulseOxyAnalogEmitterDrive\PulseOxyAnalogEmitterDrive.h">
      <Filter>PulseOxyAnalogEmitterDrive</Filter>
    </ClInclude>
    <ClInclude Include="..\PulseOxyAnalogIn\PulseOxyAnalogIn.h">
      <Filter>PulseOxyAnalogIn</Filter>
    </ClInclude>
    <ClInclude Include="..\POR\por.h">
      <Filter>POR</Filter>
    </ClInclude>
    <ClInclude Include="..\SCBus\SCBus.h">
      <Filter>SCBus</Filter>
    </ClInclude>
    <ClInclude Include="..\SCBusApp\SCBusApp.h">
      <Filter>SCBusApp</Filter>
    </ClInclude>
    <ClInclude Include="..\ArduinoSCBus\ArduinoSCBus.h">
      <Filter>ArduinoSCBus</Filter>
    </ClInclude>
    <ClInclude Include="..\Primitives\AGND.h">
      <Filter>Primitives</Filter>
    </ClInclude>
    <ClInclude Include="..\ArduinoUART\ArduinoUART.h">
      <Filter>ArduinoUART</Filter>
    </ClInclude>
    <ClInclude Include="..\VCDSource\Keyword.h">
      <Filter>VCDSource</Filter>
    </ClInclude>
    <ClInclude Include="..\VCDSource\Scanner.h">
      <Filter>VCDSource</Filter>
    </ClInclude>
    <ClInclude Include="..\VCDSource\Tokenizer.h">
      <Filter>VCDSource</Filter>
    </ClInclude>
    <ClInclude Include="..\VCDSource\VCDSource.h">
      <Filter>VCDSource</Filter>
    </ClInclude>
    <ClInclude Include="..\ANALOG_SRC\analogSrc.h">
      <Filter>Analog_Src</Filter>
    </ClInclude>
    <ClInclude Include="..\Arduino\Arduino.h">
      <Filter>Arduino</Filter>
    </ClInclude>
    <ClInclude Include="..\ArduinoRandom\ArduinoRandom.h">
      <Filter>ArduinoRandom</Filter>
    </ClInclude>
    <ClInclude Include="..\CCLED\ccled.h">
      <Filter>CCLED</Filter>
    </ClInclude>
  </ItemGroup>
  <ItemGroup>
    <None Include="..\ANALOG_SRC\include_me.txt">
      <Filter>Analog_Src</Filter>
    </None>
  </ItemGroup>
</Project>