
Microsoft Visual Studio Solution File, Format Version 12.00
# Visual Studio 14
VisualStudioVersion = 14.0.25123.0
MinimumVisualStudioVersion = 10.0.40219.1
Project("{FAE04EC0-301F-11D3-BF4B-00C04F79EFBC}") = "CyPhy2Schematic", "src\CyPhy2Schematic\CyPhy2Schematic.csproj", "{8D5BA6AB-6D10-4BAE-B310-4DB8A3D9E87A}"
EndProject
Project("{FAE04EC0-301F-11D3-BF4B-00C04F79EFBC}") = "SchematicUnitTests", "test\SchematicUnitTests\SchematicUnitTests.csproj", "{F446635B-63B9-4C30-B286-8095B43EF06A}"
EndProject
Project("{2150E333-8FDC-42A3-9474-1A3956D46DE8}") = "Tests", "Tests", "{6C5BAEE6-05C7-4970-9A53-C7584A0A7BD3}"
EndProject
Project("{FAE04EC0-301F-11D3-BF4B-00C04F79EFBC}") = "SystemCTest", "test\SystemCTest\SystemCTest.csproj", "{1F982848-3481-40A5-B927-3B6EDF187864}"
EndProject
Project("{FAE04EC0-301F-11D3-BF4B-00C04F79EFBC}") = "CyPhy2SystemC", "src\CyPhy2SystemC\CyPhy2SystemC.csproj", "{3BEFF2D7-EDE2-4F7C-B6C9-FDF59DB58E2E}"
EndProject
Project("{FAE04EC0-301F-11D3-BF4B-00C04F79EFBC}") = "ModelsTest", "test\ModelsTest\ModelsTest.csproj", "{31D91DBD-A432-4802-9BC9-1C8D4BB055DD}"
EndProject
Project("{FAE04EC0-301F-11D3-BF4B-00C04F79EFBC}") = "TonkaDDPTest", "test\TonkaDDPTest\TonkaDDPTest.csproj", "{6E594616-8BAD-438D-83DF-CA746EA6ABD4}"
EndProject
Project("{FAE04EC0-301F-11D3-BF4B-00C04F79EFBC}") = "BoardSynthesis", "src\BoardSynthesis\BoardSynthesis.csproj", "{384A5598-AC5D-47D6-80B9-03A428AF1474}"
EndProject
Project("{8BC9CEB8-8B4A-11D0-8D11-00A0C91BC942}") = "LayoutSolver", "src\LayoutSolver\LayoutSolver.vcxproj", "{80EF87F7-A2CE-4E4A-984F-77ACBC01020D}"
EndProject
Project("{2150E333-8FDC-42A3-9474-1A3956D46DE8}") = ".nuget", ".nuget", "{4AF2D72E-609F-4A37-B8A9-217C009317D3}"
	ProjectSection(SolutionItems) = preProject
		.nuget\NuGet.targets = .nuget\NuGet.targets
	EndProjectSection
EndProject
Project("{8BC9CEB8-8B4A-11D0-8D11-00A0C91BC942}") = "RectangleBinPackLib", "src\RectangleBinPack\RectangleBinPack\RectangleBinPack.vcxproj", "{CB584136-5A78-42BC-A2EB-367B9E60290D}"
EndProject
Project("{8BC9CEB8-8B4A-11D0-8D11-00A0C91BC942}") = "MaxRectsBinPack", "src\RectangleBinPack\MaxRectsBinPack\MaxRectsBinPackTest.vcxproj", "{D20BF580-101C-4705-93FC-8240A728203E}"
EndProject
Project("{FAE04EC0-301F-11D3-BF4B-00C04F79EFBC}") = "CyPhy2CADPCB", "src\CyPhy2CADPCB\CyPhy2CADPCB.csproj", "{9BEAC890-D708-4DC9-B800-35D8E550AAFB}"
EndProject
Project("{2150E333-8FDC-42A3-9474-1A3956D46DE8}") = "Interpreters", "Interpreters", "{187E46AA-5A45-4352-A506-52BDBBA496F8}"
EndProject
Project("{FAE04EC0-301F-11D3-BF4B-00C04F79EFBC}") = "CyPhy2MfgBom", "src\CyPhy2MfgBom\CyPhy2MfgBom.csproj", "{F3ECFD88-59E5-4398-B56C-72B6CBF59DB2}"
EndProject
Project("{FAE04EC0-301F-11D3-BF4B-00C04F79EFBC}") = "CyPhy2MfgBomTest", "test\CyPhy2MfgBomTest\CyPhy2MfgBomTest.csproj", "{E6344D70-A462-4415-82F6-0AEEDA35CFBD}"
EndProject
Project("{2150E333-8FDC-42A3-9474-1A3956D46DE8}") = "Classes", "Classes", "{FF1D4157-FF14-4981-8769-C43BD875A416}"
EndProject
Project("{FAE04EC0-301F-11D3-BF4B-00C04F79EFBC}") = "BomCostAnalysis", "src\BomCostAnalysis\BomCostAnalysis.csproj", "{656B1303-3866-4BD8-8DEE-71E9928598B8}"
EndProject
Project("{FAE04EC0-301F-11D3-BF4B-00C04F79EFBC}") = "BinPackTest", "test\BinPackTest\BinPackTest.csproj", "{DE94AC3D-4419-4C07-A7C7-55F119CD0F34}"
	ProjectSection(ProjectDependencies) = postProject
		{D20BF580-101C-4705-93FC-8240A728203E} = {D20BF580-101C-4705-93FC-8240A728203E}
	EndProjectSection
EndProject
Project("{2150E333-8FDC-42A3-9474-1A3956D46DE8}") = "Utilities", "Utilities", "{A80B33FE-9178-43B7-91F4-DDC342D42C74}"
EndProject
Project("{FAE04EC0-301F-11D3-BF4B-00C04F79EFBC}") = "ShowNet", "src\ShowNet\ShowNet.csproj", "{28ABB583-2CF1-49B8-914E-5A4D138B239C}"
EndProject
Project("{2150E333-8FDC-42A3-9474-1A3956D46DE8}") = "BoardAndLayout", "BoardAndLayout", "{E4118354-C86B-4B09-A689-59D349386D49}"
EndProject
Project("{FAE04EC0-301F-11D3-BF4B-00C04F79EFBC}") = "LayoutJson", "src\LayoutJson\LayoutJson.csproj", "{3118B8E0-0EC3-480F-94B6-3ECAF9C68248}"
EndProject
Project("{FAE04EC0-301F-11D3-BF4B-00C04F79EFBC}") = "SpiceViewerTest", "test\SpiceViewerTest\SpiceViewerTest.csproj", "{906D2088-1E69-4013-A52C-DE1E22CCCBCC}"
EndProject
Project("{FAE04EC0-301F-11D3-BF4B-00C04F79EFBC}") = "CSXCADLib", "src\CyPhy2RF\CSXCAD\CSXCADLib.csproj", "{F8FDFE2F-C2AF-490C-8FA9-039487D90E56}"
EndProject
Project("{FAE04EC0-301F-11D3-BF4B-00C04F79EFBC}") = "FDTDPostprocess", "src\CyPhy2RF\FDTDPostprocess\FDTDPostprocess.csproj", "{53EFD5B3-2B30-4FA5-B91A-F3EAE3A9A401}"
EndProject
Project("{FAE04EC0-301F-11D3-BF4B-00C04F79EFBC}") = "CyPhy2RF", "src\CyPhy2RF\CyPhy2RF\CyPhy2RF.csproj", "{01054157-AE03-456C-892D-351D82492151}"
EndProject
Project("{FAE04EC0-301F-11D3-BF4B-00C04F79EFBC}") = "CyPhy2RFTest", "test\CyPhy2RFTest\CyPhy2RFTest.csproj", "{E5E6F059-F84C-4831-9E5F-A675DD935767}"
EndProject
Project("{FAE04EC0-301F-11D3-BF4B-00C04F79EFBC}") = "AraRFAnalysis", "src\AraRFAnalysis\AraRFAnalysis.csproj", "{09A7AD4D-7D93-49AD-AF74-59EB04C3411F}"
EndProject
Project("{FAE04EC0-301F-11D3-BF4B-00C04F79EFBC}") = "AraRFAnalysisTest", "test\AraRFAnalysisTest\AraRFAnalysisTest.csproj", "{0E52D53F-C7C0-4A73-A1BC-B33B2363CCC7}"
EndProject
Project("{FAE04EC0-301F-11D3-BF4B-00C04F79EFBC}") = "CommandLine", "3rdParty\libcmdline\src\libcmdline\CommandLine.csproj", "{5DEA2811-2FFA-4959-830B-CAD3ACACABEB}"
EndProject
Project("{FAE04EC0-301F-11D3-BF4B-00C04F79EFBC}") = "CyPhy2PCBMfg", "src\CyPhy2PCBMfg\CyPhy2PCBMfg.csproj", "{22A0E77E-9120-443F-B4CC-BB64B72AD54C}"
EndProject
Project("{FAE04EC0-301F-11D3-BF4B-00C04F79EFBC}") = "CyPhy2PCBMfgTest", "test\CyPhy2PCBMfgTest\CyPhy2PCBMfgTest.csproj", "{49BCC9F5-F81E-46B0-8FDA-0EC3D7BA1C70}"
EndProject
Project("{FAE04EC0-301F-11D3-BF4B-00C04F79EFBC}") = "PcbToolsTest", "test\PcbToolsTest\PcbToolsTest.csproj", "{EF70A29C-E60A-44F1-9264-7E40A40FB7FC}"
	ProjectSection(ProjectDependencies) = postProject
		{80EF87F7-A2CE-4E4A-984F-77ACBC01020D} = {80EF87F7-A2CE-4E4A-984F-77ACBC01020D}
	EndProjectSection
EndProject
Project("{FAE04EC0-301F-11D3-BF4B-00C04F79EFBC}") = "AddConnector", "src\AddConnector\AddConnector.csproj", "{32050562-6571-4378-B314-47B96F65D34C}"
EndProject
Project("{FAE04EC0-301F-11D3-BF4B-00C04F79EFBC}") = "CyPhy2CADPCBTest", "test\CyPhy2CADPCBTest\CyPhy2CADPCBTest.csproj", "{9D5CFD7A-EDBB-4708-983C-B204BEB24C6E}"
EndProject
Global
	GlobalSection(SolutionConfigurationPlatforms) = preSolution
		Debug|Any CPU = Debug|Any CPU
		Debug|Mixed Platforms = Debug|Mixed Platforms
		Debug|Win32 = Debug|Win32
		Debug|x86 = Debug|x86
		Release|Any CPU = Release|Any CPU
		Release|Mixed Platforms = Release|Mixed Platforms
		Release|Win32 = Release|Win32
		Release|x86 = Release|x86
	EndGlobalSection
	GlobalSection(ProjectConfigurationPlatforms) = postSolution
		{8D5BA6AB-6D10-4BAE-B310-4DB8A3D9E87A}.Debug|Any CPU.ActiveCfg = Debug|Any CPU
		{8D5BA6AB-6D10-4BAE-B310-4DB8A3D9E87A}.Debug|Any CPU.Build.0 = Debug|Any CPU
		{8D5BA6AB-6D10-4BAE-B310-4DB8A3D9E87A}.Debug|Mixed Platforms.ActiveCfg = Debug|Any CPU
		{8D5BA6AB-6D10-4BAE-B310-4DB8A3D9E87A}.Debug|Mixed Platforms.Build.0 = Debug|Any CPU
		{8D5BA6AB-6D10-4BAE-B310-4DB8A3D9E87A}.Debug|Win32.ActiveCfg = Debug|Any CPU
		{8D5BA6AB-6D10-4BAE-B310-4DB8A3D9E87A}.Debug|x86.ActiveCfg = Debug|Any CPU
		{8D5BA6AB-6D10-4BAE-B310-4DB8A3D9E87A}.Release|Any CPU.ActiveCfg = Release|Any CPU
		{8D5BA6AB-6D10-4BAE-B310-4DB8A3D9E87A}.Release|Any CPU.Build.0 = Release|Any CPU
		{8D5BA6AB-6D10-4BAE-B310-4DB8A3D9E87A}.Release|Mixed Platforms.ActiveCfg = Release|Any CPU
		{8D5BA6AB-6D10-4BAE-B310-4DB8A3D9E87A}.Release|Mixed Platforms.Build.0 = Release|Any CPU
		{8D5BA6AB-6D10-4BAE-B310-4DB8A3D9E87A}.Release|Win32.ActiveCfg = Release|Any CPU
		{8D5BA6AB-6D10-4BAE-B310-4DB8A3D9E87A}.Release|x86.ActiveCfg = Release|Any CPU
		{F446635B-63B9-4C30-B286-8095B43EF06A}.Debug|Any CPU.ActiveCfg = Debug|Any CPU
		{F446635B-63B9-4C30-B286-8095B43EF06A}.Debug|Any CPU.Build.0 = Debug|Any CPU
		{F446635B-63B9-4C30-B286-8095B43EF06A}.Debug|Mixed Platforms.ActiveCfg = Debug|Any CPU
		{F446635B-63B9-4C30-B286-8095B43EF06A}.Debug|Mixed Platforms.Build.0 = Debug|Any CPU
		{F446635B-63B9-4C30-B286-8095B43EF06A}.Debug|Win32.ActiveCfg = Debug|Any CPU
		{F446635B-63B9-4C30-B286-8095B43EF06A}.Debug|x86.ActiveCfg = Debug|Any CPU
		{F446635B-63B9-4C30-B286-8095B43EF06A}.Release|Any CPU.ActiveCfg = Release|Any CPU
		{F446635B-63B9-4C30-B286-8095B43EF06A}.Release|Any CPU.Build.0 = Release|Any CPU
		{F446635B-63B9-4C30-B286-8095B43EF06A}.Release|Mixed Platforms.ActiveCfg = Release|Any CPU
		{F446635B-63B9-4C30-B286-8095B43EF06A}.Release|Mixed Platforms.Build.0 = Release|Any CPU
		{F446635B-63B9-4C30-B286-8095B43EF06A}.Release|Win32.ActiveCfg = Release|Any CPU
		{F446635B-63B9-4C30-B286-8095B43EF06A}.Release|x86.ActiveCfg = Release|Any CPU
		{1F982848-3481-40A5-B927-3B6EDF187864}.Debug|Any CPU.ActiveCfg = Debug|Any CPU
		{1F982848-3481-40A5-B927-3B6EDF187864}.Debug|Any CPU.Build.0 = Debug|Any CPU
		{1F982848-3481-40A5-B927-3B6EDF187864}.Debug|Mixed Platforms.ActiveCfg = Debug|Any CPU
		{1F982848-3481-40A5-B927-3B6EDF187864}.Debug|Mixed Platforms.Build.0 = Debug|Any CPU
		{1F982848-3481-40A5-B927-3B6EDF187864}.Debug|Win32.ActiveCfg = Debug|Any CPU
		{1F982848-3481-40A5-B927-3B6EDF187864}.Debug|x86.ActiveCfg = Debug|Any CPU
		{1F982848-3481-40A5-B927-3B6EDF187864}.Release|Any CPU.ActiveCfg = Release|Any CPU
		{1F982848-3481-40A5-B927-3B6EDF187864}.Release|Any CPU.Build.0 = Release|Any CPU
		{1F982848-3481-40A5-B927-3B6EDF187864}.Release|Mixed Platforms.ActiveCfg = Release|Any CPU
		{1F982848-3481-40A5-B927-3B6EDF187864}.Release|Mixed Platforms.Build.0 = Release|Any CPU
		{1F982848-3481-40A5-B927-3B6EDF187864}.Release|Win32.ActiveCfg = Release|Any CPU
		{1F982848-3481-40A5-B927-3B6EDF187864}.Release|x86.ActiveCfg = Release|Any CPU
		{3BEFF2D7-EDE2-4F7C-B6C9-FDF59DB58E2E}.Debug|Any CPU.ActiveCfg = Debug|Any CPU
		{3BEFF2D7-EDE2-4F7C-B6C9-FDF59DB58E2E}.Debug|Any CPU.Build.0 = Debug|Any CPU
		{3BEFF2D7-EDE2-4F7C-B6C9-FDF59DB58E2E}.Debug|Mixed Platforms.ActiveCfg = Debug|Any CPU
		{3BEFF2D7-EDE2-4F7C-B6C9-FDF59DB58E2E}.Debug|Mixed Platforms.Build.0 = Debug|Any CPU
		{3BEFF2D7-EDE2-4F7C-B6C9-FDF59DB58E2E}.Debug|Win32.ActiveCfg = Debug|Any CPU
		{3BEFF2D7-EDE2-4F7C-B6C9-FDF59DB58E2E}.Debug|x86.ActiveCfg = Debug|Any CPU
		{3BEFF2D7-EDE2-4F7C-B6C9-FDF59DB58E2E}.Release|Any CPU.ActiveCfg = Release|Any CPU
		{3BEFF2D7-EDE2-4F7C-B6C9-FDF59DB58E2E}.Release|Any CPU.Build.0 = Release|Any CPU
		{3BEFF2D7-EDE2-4F7C-B6C9-FDF59DB58E2E}.Release|Mixed Platforms.ActiveCfg = Release|Any CPU
		{3BEFF2D7-EDE2-4F7C-B6C9-FDF59DB58E2E}.Release|Mixed Platforms.Build.0 = Release|Any CPU
		{3BEFF2D7-EDE2-4F7C-B6C9-FDF59DB58E2E}.Release|Win32.ActiveCfg = Release|Any CPU
		{3BEFF2D7-EDE2-4F7C-B6C9-FDF59DB58E2E}.Release|x86.ActiveCfg = Release|Any CPU
		{31D91DBD-A432-4802-9BC9-1C8D4BB055DD}.Debug|Any CPU.ActiveCfg = Debug|Any CPU
		{31D91DBD-A432-4802-9BC9-1C8D4BB055DD}.Debug|Any CPU.Build.0 = Debug|Any CPU
		{31D91DBD-A432-4802-9BC9-1C8D4BB055DD}.Debug|Mixed Platforms.ActiveCfg = Debug|Any CPU
		{31D91DBD-A432-4802-9BC9-1C8D4BB055DD}.Debug|Mixed Platforms.Build.0 = Debug|Any CPU
		{31D91DBD-A432-4802-9BC9-1C8D4BB055DD}.Debug|Win32.ActiveCfg = Debug|Any CPU
		{31D91DBD-A432-4802-9BC9-1C8D4BB055DD}.Debug|x86.ActiveCfg = Debug|Any CPU
		{31D91DBD-A432-4802-9BC9-1C8D4BB055DD}.Release|Any CPU.ActiveCfg = Release|Any CPU
		{31D91DBD-A432-4802-9BC9-1C8D4BB055DD}.Release|Any CPU.Build.0 = Release|Any CPU
		{31D91DBD-A432-4802-9BC9-1C8D4BB055DD}.Release|Mixed Platforms.ActiveCfg = Release|Any CPU
		{31D91DBD-A432-4802-9BC9-1C8D4BB055DD}.Release|Mixed Platforms.Build.0 = Release|Any CPU
		{31D91DBD-A432-4802-9BC9-1C8D4BB055DD}.Release|Win32.ActiveCfg = Release|Any CPU
		{31D91DBD-A432-4802-9BC9-1C8D4BB055DD}.Release|x86.ActiveCfg = Release|Any CPU
		{6E594616-8BAD-438D-83DF-CA746EA6ABD4}.Debug|Any CPU.ActiveCfg = Debug|x86
		{6E594616-8BAD-438D-83DF-CA746EA6ABD4}.Debug|Mixed Platforms.ActiveCfg = Debug|x86
		{6E594616-8BAD-438D-83DF-CA746EA6ABD4}.Debug|Mixed Platforms.Build.0 = Debug|x86
		{6E594616-8BAD-438D-83DF-CA746EA6ABD4}.Debug|Win32.ActiveCfg = Debug|x86
		{6E594616-8BAD-438D-83DF-CA746EA6ABD4}.Debug|x86.ActiveCfg = Debug|x86
		{6E594616-8BAD-438D-83DF-CA746EA6ABD4}.Debug|x86.Build.0 = Debug|x86
		{6E594616-8BAD-438D-83DF-CA746EA6ABD4}.Release|Any CPU.ActiveCfg = Release|x86
		{6E594616-8BAD-438D-83DF-CA746EA6ABD4}.Release|Mixed Platforms.ActiveCfg = Release|x86
		{6E594616-8BAD-438D-83DF-CA746EA6ABD4}.Release|Mixed Platforms.Build.0 = Release|x86
		{6E594616-8BAD-438D-83DF-CA746EA6ABD4}.Release|Win32.ActiveCfg = Release|x86
		{6E594616-8BAD-438D-83DF-CA746EA6ABD4}.Release|x86.ActiveCfg = Release|x86
		{6E594616-8BAD-438D-83DF-CA746EA6ABD4}.Release|x86.Build.0 = Release|x86
		{384A5598-AC5D-47D6-80B9-03A428AF1474}.Debug|Any CPU.ActiveCfg = Debug|x86
		{384A5598-AC5D-47D6-80B9-03A428AF1474}.Debug|Mixed Platforms.ActiveCfg = Debug|x86
		{384A5598-AC5D-47D6-80B9-03A428AF1474}.Debug|Mixed Platforms.Build.0 = Debug|x86
		{384A5598-AC5D-47D6-80B9-03A428AF1474}.Debug|Win32.ActiveCfg = Debug|x86
		{384A5598-AC5D-47D6-80B9-03A428AF1474}.Debug|x86.ActiveCfg = Debug|x86
		{384A5598-AC5D-47D6-80B9-03A428AF1474}.Debug|x86.Build.0 = Debug|x86
		{384A5598-AC5D-47D6-80B9-03A428AF1474}.Release|Any CPU.ActiveCfg = Release|x86
		{384A5598-AC5D-47D6-80B9-03A428AF1474}.Release|Mixed Platforms.ActiveCfg = Release|x86
		{384A5598-AC5D-47D6-80B9-03A428AF1474}.Release|Mixed Platforms.Build.0 = Release|x86
		{384A5598-AC5D-47D6-80B9-03A428AF1474}.Release|Win32.ActiveCfg = Release|x86
		{384A5598-AC5D-47D6-80B9-03A428AF1474}.Release|x86.ActiveCfg = Release|x86
		{384A5598-AC5D-47D6-80B9-03A428AF1474}.Release|x86.Build.0 = Release|x86
		{80EF87F7-A2CE-4E4A-984F-77ACBC01020D}.Debug|Any CPU.ActiveCfg = Debug|Win32
		{80EF87F7-A2CE-4E4A-984F-77ACBC01020D}.Debug|Mixed Platforms.ActiveCfg = Debug|Win32
		{80EF87F7-A2CE-4E4A-984F-77ACBC01020D}.Debug|Mixed Platforms.Build.0 = Debug|Win32
		{80EF87F7-A2CE-4E4A-984F-77ACBC01020D}.Debug|Win32.ActiveCfg = Debug|Win32
		{80EF87F7-A2CE-4E4A-984F-77ACBC01020D}.Debug|Win32.Build.0 = Debug|Win32
		{80EF87F7-A2CE-4E4A-984F-77ACBC01020D}.Debug|x86.ActiveCfg = Debug|Win32
		{80EF87F7-A2CE-4E4A-984F-77ACBC01020D}.Release|Any CPU.ActiveCfg = Release|Win32
		{80EF87F7-A2CE-4E4A-984F-77ACBC01020D}.Release|Mixed Platforms.ActiveCfg = Release|Win32
		{80EF87F7-A2CE-4E4A-984F-77ACBC01020D}.Release|Mixed Platforms.Build.0 = Release|Win32
		{80EF87F7-A2CE-4E4A-984F-77ACBC01020D}.Release|Win32.ActiveCfg = Release|Win32
		{80EF87F7-A2CE-4E4A-984F-77ACBC01020D}.Release|Win32.Build.0 = Release|Win32
		{80EF87F7-A2CE-4E4A-984F-77ACBC01020D}.Release|x86.ActiveCfg = Release|Win32
		{CB584136-5A78-42BC-A2EB-367B9E60290D}.Debug|Any CPU.ActiveCfg = Debug|Win32
		{CB584136-5A78-42BC-A2EB-367B9E60290D}.Debug|Mixed Platforms.ActiveCfg = Debug|Win32
		{CB584136-5A78-42BC-A2EB-367B9E60290D}.Debug|Mixed Platforms.Build.0 = Debug|Win32
		{CB584136-5A78-42BC-A2EB-367B9E60290D}.Debug|Win32.ActiveCfg = Debug|Win32
		{CB584136-5A78-42BC-A2EB-367B9E60290D}.Debug|Win32.Build.0 = Debug|Win32
		{CB584136-5A78-42BC-A2EB-367B9E60290D}.Debug|x86.ActiveCfg = Debug|Win32
		{CB584136-5A78-42BC-A2EB-367B9E60290D}.Release|Any CPU.ActiveCfg = Release|Win32
		{CB584136-5A78-42BC-A2EB-367B9E60290D}.Release|Mixed Platforms.ActiveCfg = Release|Win32
		{CB584136-5A78-42BC-A2EB-367B9E60290D}.Release|Mixed Platforms.Build.0 = Release|Win32
		{CB584136-5A78-42BC-A2EB-367B9E60290D}.Release|Win32.ActiveCfg = Release|Win32
		{CB584136-5A78-42BC-A2EB-367B9E60290D}.Release|Win32.Build.0 = Release|Win32
		{CB584136-5A78-42BC-A2EB-367B9E60290D}.Release|x86.ActiveCfg = Release|Win32
		{D20BF580-101C-4705-93FC-8240A728203E}.Debug|Any CPU.ActiveCfg = Debug|Win32
		{D20BF580-101C-4705-93FC-8240A728203E}.Debug|Mixed Platforms.ActiveCfg = Debug|Win32
		{D20BF580-101C-4705-93FC-8240A728203E}.Debug|Mixed Platforms.Build.0 = Debug|Win32
		{D20BF580-101C-4705-93FC-8240A728203E}.Debug|Win32.ActiveCfg = Debug|Win32
		{D20BF580-101C-4705-93FC-8240A728203E}.Debug|Win32.Build.0 = Debug|Win32
		{D20BF580-101C-4705-93FC-8240A728203E}.Debug|x86.ActiveCfg = Debug|Win32
		{D20BF580-101C-4705-93FC-8240A728203E}.Release|Any CPU.ActiveCfg = Release|Win32
		{D20BF580-101C-4705-93FC-8240A728203E}.Release|Mixed Platforms.ActiveCfg = Release|Win32
		{D20BF580-101C-4705-93FC-8240A728203E}.Release|Mixed Platforms.Build.0 = Release|Win32
		{D20BF580-101C-4705-93FC-8240A728203E}.Release|Win32.ActiveCfg = Release|Win32
		{D20BF580-101C-4705-93FC-8240A728203E}.Release|Win32.Build.0 = Release|Win32
		{D20BF580-101C-4705-93FC-8240A728203E}.Release|x86.ActiveCfg = Release|Win32
		{9BEAC890-D708-4DC9-B800-35D8E550AAFB}.Debug|Any CPU.ActiveCfg = Debug|Any CPU
		{9BEAC890-D708-4DC9-B800-35D8E550AAFB}.Debug|Any CPU.Build.0 = Debug|Any CPU
		{9BEAC890-D708-4DC9-B800-35D8E550AAFB}.Debug|Mixed Platforms.ActiveCfg = Debug|Any CPU
		{9BEAC890-D708-4DC9-B800-35D8E550AAFB}.Debug|Mixed Platforms.Build.0 = Debug|Any CPU
		{9BEAC890-D708-4DC9-B800-35D8E550AAFB}.Debug|Win32.ActiveCfg = Debug|Any CPU
		{9BEAC890-D708-4DC9-B800-35D8E550AAFB}.Debug|x86.ActiveCfg = Debug|Any CPU
		{9BEAC890-D708-4DC9-B800-35D8E550AAFB}.Release|Any CPU.ActiveCfg = Release|Any CPU
		{9BEAC890-D708-4DC9-B800-35D8E550AAFB}.Release|Any CPU.Build.0 = Release|Any CPU
		{9BEAC890-D708-4DC9-B800-35D8E550AAFB}.Release|Mixed Platforms.ActiveCfg = Release|Any CPU
		{9BEAC890-D708-4DC9-B800-35D8E550AAFB}.Release|Mixed Platforms.Build.0 = Release|Any CPU
		{9BEAC890-D708-4DC9-B800-35D8E550AAFB}.Release|Win32.ActiveCfg = Release|Any CPU
		{9BEAC890-D708-4DC9-B800-35D8E550AAFB}.Release|x86.ActiveCfg = Release|Any CPU
		{F3ECFD88-59E5-4398-B56C-72B6CBF59DB2}.Debug|Any CPU.ActiveCfg = Debug|Any CPU
		{F3ECFD88-59E5-4398-B56C-72B6CBF59DB2}.Debug|Any CPU.Build.0 = Debug|Any CPU
		{F3ECFD88-59E5-4398-B56C-72B6CBF59DB2}.Debug|Mixed Platforms.ActiveCfg = Debug|Any CPU
		{F3ECFD88-59E5-4398-B56C-72B6CBF59DB2}.Debug|Mixed Platforms.Build.0 = Debug|Any CPU
		{F3ECFD88-59E5-4398-B56C-72B6CBF59DB2}.Debug|Win32.ActiveCfg = Debug|Any CPU
		{F3ECFD88-59E5-4398-B56C-72B6CBF59DB2}.Debug|x86.ActiveCfg = Debug|Any CPU
		{F3ECFD88-59E5-4398-B56C-72B6CBF59DB2}.Release|Any CPU.ActiveCfg = Release|Any CPU
		{F3ECFD88-59E5-4398-B56C-72B6CBF59DB2}.Release|Any CPU.Build.0 = Release|Any CPU
		{F3ECFD88-59E5-4398-B56C-72B6CBF59DB2}.Release|Mixed Platforms.ActiveCfg = Release|Any CPU
		{F3ECFD88-59E5-4398-B56C-72B6CBF59DB2}.Release|Mixed Platforms.Build.0 = Release|Any CPU
		{F3ECFD88-59E5-4398-B56C-72B6CBF59DB2}.Release|Win32.ActiveCfg = Release|Any CPU
		{F3ECFD88-59E5-4398-B56C-72B6CBF59DB2}.Release|x86.ActiveCfg = Release|Any CPU
		{E6344D70-A462-4415-82F6-0AEEDA35CFBD}.Debug|Any CPU.ActiveCfg = Debug|Any CPU
		{E6344D70-A462-4415-82F6-0AEEDA35CFBD}.Debug|Any CPU.Build.0 = Debug|Any CPU
		{E6344D70-A462-4415-82F6-0AEEDA35CFBD}.Debug|Mixed Platforms.ActiveCfg = Debug|Any CPU
		{E6344D70-A462-4415-82F6-0AEEDA35CFBD}.Debug|Mixed Platforms.Build.0 = Debug|Any CPU
		{E6344D70-A462-4415-82F6-0AEEDA35CFBD}.Debug|Win32.ActiveCfg = Debug|Any CPU
		{E6344D70-A462-4415-82F6-0AEEDA35CFBD}.Debug|x86.ActiveCfg = Debug|Any CPU
		{E6344D70-A462-4415-82F6-0AEEDA35CFBD}.Release|Any CPU.ActiveCfg = Release|Any CPU
		{E6344D70-A462-4415-82F6-0AEEDA35CFBD}.Release|Any CPU.Build.0 = Release|Any CPU
		{E6344D70-A462-4415-82F6-0AEEDA35CFBD}.Release|Mixed Platforms.ActiveCfg = Release|Any CPU
		{E6344D70-A462-4415-82F6-0AEEDA35CFBD}.Release|Mixed Platforms.Build.0 = Release|Any CPU
		{E6344D70-A462-4415-82F6-0AEEDA35CFBD}.Release|Win32.ActiveCfg = Release|Any CPU
		{E6344D70-A462-4415-82F6-0AEEDA35CFBD}.Release|x86.ActiveCfg = Release|Any CPU
		{656B1303-3866-4BD8-8DEE-71E9928598B8}.Debug|Any CPU.ActiveCfg = Debug|x86
		{656B1303-3866-4BD8-8DEE-71E9928598B8}.Debug|Mixed Platforms.ActiveCfg = Debug|x86
		{656B1303-3866-4BD8-8DEE-71E9928598B8}.Debug|Mixed Platforms.Build.0 = Debug|x86
		{656B1303-3866-4BD8-8DEE-71E9928598B8}.Debug|Win32.ActiveCfg = Debug|x86
		{656B1303-3866-4BD8-8DEE-71E9928598B8}.Debug|x86.ActiveCfg = Debug|x86
		{656B1303-3866-4BD8-8DEE-71E9928598B8}.Debug|x86.Build.0 = Debug|x86
		{656B1303-3866-4BD8-8DEE-71E9928598B8}.Release|Any CPU.ActiveCfg = Release|x86
		{656B1303-3866-4BD8-8DEE-71E9928598B8}.Release|Mixed Platforms.ActiveCfg = Release|x86
		{656B1303-3866-4BD8-8DEE-71E9928598B8}.Release|Mixed Platforms.Build.0 = Release|x86
		{656B1303-3866-4BD8-8DEE-71E9928598B8}.Release|Win32.ActiveCfg = Release|x86
		{656B1303-3866-4BD8-8DEE-71E9928598B8}.Release|x86.ActiveCfg = Release|x86
		{656B1303-3866-4BD8-8DEE-71E9928598B8}.Release|x86.Build.0 = Release|x86
		{DE94AC3D-4419-4C07-A7C7-55F119CD0F34}.Debug|Any CPU.ActiveCfg = Debug|Any CPU
		{DE94AC3D-4419-4C07-A7C7-55F119CD0F34}.Debug|Any CPU.Build.0 = Debug|Any CPU
		{DE94AC3D-4419-4C07-A7C7-55F119CD0F34}.Debug|Mixed Platforms.ActiveCfg = Debug|Any CPU
		{DE94AC3D-4419-4C07-A7C7-55F119CD0F34}.Debug|Mixed Platforms.Build.0 = Debug|Any CPU
		{DE94AC3D-4419-4C07-A7C7-55F119CD0F34}.Debug|Win32.ActiveCfg = Debug|Any CPU
		{DE94AC3D-4419-4C07-A7C7-55F119CD0F34}.Debug|x86.ActiveCfg = Debug|Any CPU
		{DE94AC3D-4419-4C07-A7C7-55F119CD0F34}.Release|Any CPU.ActiveCfg = Release|Any CPU
		{DE94AC3D-4419-4C07-A7C7-55F119CD0F34}.Release|Any CPU.Build.0 = Release|Any CPU
		{DE94AC3D-4419-4C07-A7C7-55F119CD0F34}.Release|Mixed Platforms.ActiveCfg = Release|Any CPU
		{DE94AC3D-4419-4C07-A7C7-55F119CD0F34}.Release|Mixed Platforms.Build.0 = Release|Any CPU
		{DE94AC3D-4419-4C07-A7C7-55F119CD0F34}.Release|Win32.ActiveCfg = Release|Any CPU
		{DE94AC3D-4419-4C07-A7C7-55F119CD0F34}.Release|x86.ActiveCfg = Release|Any CPU
		{28ABB583-2CF1-49B8-914E-5A4D138B239C}.Debug|Any CPU.ActiveCfg = Debug|Any CPU
		{28ABB583-2CF1-49B8-914E-5A4D138B239C}.Debug|Any CPU.Build.0 = Debug|Any CPU
		{28ABB583-2CF1-49B8-914E-5A4D138B239C}.Debug|Mixed Platforms.ActiveCfg = Debug|Any CPU
		{28ABB583-2CF1-49B8-914E-5A4D138B239C}.Debug|Mixed Platforms.Build.0 = Debug|Any CPU
		{28ABB583-2CF1-49B8-914E-5A4D138B239C}.Debug|Win32.ActiveCfg = Debug|Any CPU
		{28ABB583-2CF1-49B8-914E-5A4D138B239C}.Debug|x86.ActiveCfg = Debug|Any CPU
		{28ABB583-2CF1-49B8-914E-5A4D138B239C}.Release|Any CPU.ActiveCfg = Release|Any CPU
		{28ABB583-2CF1-49B8-914E-5A4D138B239C}.Release|Any CPU.Build.0 = Release|Any CPU
		{28ABB583-2CF1-49B8-914E-5A4D138B239C}.Release|Mixed Platforms.ActiveCfg = Release|Any CPU
		{28ABB583-2CF1-49B8-914E-5A4D138B239C}.Release|Mixed Platforms.Build.0 = Release|Any CPU
		{28ABB583-2CF1-49B8-914E-5A4D138B239C}.Release|Win32.ActiveCfg = Release|Any CPU
		{28ABB583-2CF1-49B8-914E-5A4D138B239C}.Release|x86.ActiveCfg = Release|Any CPU
		{3118B8E0-0EC3-480F-94B6-3ECAF9C68248}.Debug|Any CPU.ActiveCfg = Debug|Any CPU
		{3118B8E0-0EC3-480F-94B6-3ECAF9C68248}.Debug|Any CPU.Build.0 = Debug|Any CPU
		{3118B8E0-0EC3-480F-94B6-3ECAF9C68248}.Debug|Mixed Platforms.ActiveCfg = Debug|Any CPU
		{3118B8E0-0EC3-480F-94B6-3ECAF9C68248}.Debug|Mixed Platforms.Build.0 = Debug|Any CPU
		{3118B8E0-0EC3-480F-94B6-3ECAF9C68248}.Debug|Win32.ActiveCfg = Debug|Any CPU
		{3118B8E0-0EC3-480F-94B6-3ECAF9C68248}.Debug|x86.ActiveCfg = Debug|Any CPU
		{3118B8E0-0EC3-480F-94B6-3ECAF9C68248}.Release|Any CPU.ActiveCfg = Release|Any CPU
		{3118B8E0-0EC3-480F-94B6-3ECAF9C68248}.Release|Any CPU.Build.0 = Release|Any CPU
		{3118B8E0-0EC3-480F-94B6-3ECAF9C68248}.Release|Mixed Platforms.ActiveCfg = Release|Any CPU
		{3118B8E0-0EC3-480F-94B6-3ECAF9C68248}.Release|Mixed Platforms.Build.0 = Release|Any CPU
		{3118B8E0-0EC3-480F-94B6-3ECAF9C68248}.Release|Win32.ActiveCfg = Release|Any CPU
		{3118B8E0-0EC3-480F-94B6-3ECAF9C68248}.Release|x86.ActiveCfg = Release|Any CPU
		{906D2088-1E69-4013-A52C-DE1E22CCCBCC}.Debug|Any CPU.ActiveCfg = Debug|Any CPU
		{906D2088-1E69-4013-A52C-DE1E22CCCBCC}.Debug|Any CPU.Build.0 = Debug|Any CPU
		{906D2088-1E69-4013-A52C-DE1E22CCCBCC}.Debug|Mixed Platforms.ActiveCfg = Debug|Any CPU
		{906D2088-1E69-4013-A52C-DE1E22CCCBCC}.Debug|Mixed Platforms.Build.0 = Debug|Any CPU
		{906D2088-1E69-4013-A52C-DE1E22CCCBCC}.Debug|Win32.ActiveCfg = Debug|Any CPU
		{906D2088-1E69-4013-A52C-DE1E22CCCBCC}.Debug|x86.ActiveCfg = Debug|Any CPU
		{906D2088-1E69-4013-A52C-DE1E22CCCBCC}.Release|Any CPU.ActiveCfg = Release|Any CPU
		{906D2088-1E69-4013-A52C-DE1E22CCCBCC}.Release|Any CPU.Build.0 = Release|Any CPU
		{906D2088-1E69-4013-A52C-DE1E22CCCBCC}.Release|Mixed Platforms.ActiveCfg = Release|Any CPU
		{906D2088-1E69-4013-A52C-DE1E22CCCBCC}.Release|Mixed Platforms.Build.0 = Release|Any CPU
		{906D2088-1E69-4013-A52C-DE1E22CCCBCC}.Release|Win32.ActiveCfg = Release|Any CPU
		{906D2088-1E69-4013-A52C-DE1E22CCCBCC}.Release|x86.ActiveCfg = Release|Any CPU
		{F8FDFE2F-C2AF-490C-8FA9-039487D90E56}.Debug|Any CPU.ActiveCfg = Debug|Any CPU
		{F8FDFE2F-C2AF-490C-8FA9-039487D90E56}.Debug|Any CPU.Build.0 = Debug|Any CPU
		{F8FDFE2F-C2AF-490C-8FA9-039487D90E56}.Debug|Mixed Platforms.ActiveCfg = Debug|Any CPU
		{F8FDFE2F-C2AF-490C-8FA9-039487D90E56}.Debug|Mixed Platforms.Build.0 = Debug|Any CPU
		{F8FDFE2F-C2AF-490C-8FA9-039487D90E56}.Debug|Win32.ActiveCfg = Debug|Any CPU
		{F8FDFE2F-C2AF-490C-8FA9-039487D90E56}.Debug|x86.ActiveCfg = Debug|Any CPU
		{F8FDFE2F-C2AF-490C-8FA9-039487D90E56}.Release|Any CPU.ActiveCfg = Release|Any CPU
		{F8FDFE2F-C2AF-490C-8FA9-039487D90E56}.Release|Any CPU.Build.0 = Release|Any CPU
		{F8FDFE2F-C2AF-490C-8FA9-039487D90E56}.Release|Mixed Platforms.ActiveCfg = Release|Any CPU
		{F8FDFE2F-C2AF-490C-8FA9-039487D90E56}.Release|Mixed Platforms.Build.0 = Release|Any CPU
		{F8FDFE2F-C2AF-490C-8FA9-039487D90E56}.Release|Win32.ActiveCfg = Release|Any CPU
		{F8FDFE2F-C2AF-490C-8FA9-039487D90E56}.Release|x86.ActiveCfg = Release|Any CPU
		{53EFD5B3-2B30-4FA5-B91A-F3EAE3A9A401}.Debug|Any CPU.ActiveCfg = Debug|Any CPU
		{53EFD5B3-2B30-4FA5-B91A-F3EAE3A9A401}.Debug|Any CPU.Build.0 = Debug|Any CPU
		{53EFD5B3-2B30-4FA5-B91A-F3EAE3A9A401}.Debug|Mixed Platforms.ActiveCfg = Debug|Any CPU
		{53EFD5B3-2B30-4FA5-B91A-F3EAE3A9A401}.Debug|Mixed Platforms.Build.0 = Debug|Any CPU
		{53EFD5B3-2B30-4FA5-B91A-F3EAE3A9A401}.Debug|Win32.ActiveCfg = Debug|Any CPU
		{53EFD5B3-2B30-4FA5-B91A-F3EAE3A9A401}.Debug|x86.ActiveCfg = Debug|Any CPU
		{53EFD5B3-2B30-4FA5-B91A-F3EAE3A9A401}.Release|Any CPU.ActiveCfg = Release|Any CPU
		{53EFD5B3-2B30-4FA5-B91A-F3EAE3A9A401}.Release|Any CPU.Build.0 = Release|Any CPU
		{53EFD5B3-2B30-4FA5-B91A-F3EAE3A9A401}.Release|Mixed Platforms.ActiveCfg = Release|x86
		{53EFD5B3-2B30-4FA5-B91A-F3EAE3A9A401}.Release|Mixed Platforms.Build.0 = Release|x86
		{53EFD5B3-2B30-4FA5-B91A-F3EAE3A9A401}.Release|Win32.ActiveCfg = Release|Any CPU
		{53EFD5B3-2B30-4FA5-B91A-F3EAE3A9A401}.Release|x86.ActiveCfg = Release|Any CPU
		{01054157-AE03-456C-892D-351D82492151}.Debug|Any CPU.ActiveCfg = Debug|Any CPU
		{01054157-AE03-456C-892D-351D82492151}.Debug|Any CPU.Build.0 = Debug|Any CPU
		{01054157-AE03-456C-892D-351D82492151}.Debug|Mixed Platforms.ActiveCfg = Debug|Any CPU
		{01054157-AE03-456C-892D-351D82492151}.Debug|Mixed Platforms.Build.0 = Debug|Any CPU
		{01054157-AE03-456C-892D-351D82492151}.Debug|Win32.ActiveCfg = Debug|Any CPU
		{01054157-AE03-456C-892D-351D82492151}.Debug|x86.ActiveCfg = Debug|Any CPU
		{01054157-AE03-456C-892D-351D82492151}.Release|Any CPU.ActiveCfg = Release|Any CPU
		{01054157-AE03-456C-892D-351D82492151}.Release|Any CPU.Build.0 = Release|Any CPU
		{01054157-AE03-456C-892D-351D82492151}.Release|Mixed Platforms.ActiveCfg = Release|Any CPU
		{01054157-AE03-456C-892D-351D82492151}.Release|Mixed Platforms.Build.0 = Release|Any CPU
		{01054157-AE03-456C-892D-351D82492151}.Release|Win32.ActiveCfg = Release|Any CPU
		{01054157-AE03-456C-892D-351D82492151}.Release|x86.ActiveCfg = Release|Any CPU
		{E5E6F059-F84C-4831-9E5F-A675DD935767}.Debug|Any CPU.ActiveCfg = Debug|Any CPU
		{E5E6F059-F84C-4831-9E5F-A675DD935767}.Debug|Any CPU.Build.0 = Debug|Any CPU
		{E5E6F059-F84C-4831-9E5F-A675DD935767}.Debug|Mixed Platforms.ActiveCfg = Debug|Any CPU
		{E5E6F059-F84C-4831-9E5F-A675DD935767}.Debug|Mixed Platforms.Build.0 = Debug|Any CPU
		{E5E6F059-F84C-4831-9E5F-A675DD935767}.Debug|Win32.ActiveCfg = Debug|Any CPU
		{E5E6F059-F84C-4831-9E5F-A675DD935767}.Debug|x86.ActiveCfg = Debug|Any CPU
		{E5E6F059-F84C-4831-9E5F-A675DD935767}.Release|Any CPU.ActiveCfg = Release|Any CPU
		{E5E6F059-F84C-4831-9E5F-A675DD935767}.Release|Any CPU.Build.0 = Release|Any CPU
		{E5E6F059-F84C-4831-9E5F-A675DD935767}.Release|Mixed Platforms.ActiveCfg = Release|Any CPU
		{E5E6F059-F84C-4831-9E5F-A675DD935767}.Release|Mixed Platforms.Build.0 = Release|Any CPU
		{E5E6F059-F84C-4831-9E5F-A675DD935767}.Release|Win32.ActiveCfg = Release|Any CPU
		{E5E6F059-F84C-4831-9E5F-A675DD935767}.Release|x86.ActiveCfg = Release|Any CPU
		{09A7AD4D-7D93-49AD-AF74-59EB04C3411F}.Debug|Any CPU.ActiveCfg = Debug|x86
		{09A7AD4D-7D93-49AD-AF74-59EB04C3411F}.Debug|Mixed Platforms.ActiveCfg = Debug|x86
		{09A7AD4D-7D93-49AD-AF74-59EB04C3411F}.Debug|Mixed Platforms.Build.0 = Debug|x86
		{09A7AD4D-7D93-49AD-AF74-59EB04C3411F}.Debug|Win32.ActiveCfg = Debug|x86
		{09A7AD4D-7D93-49AD-AF74-59EB04C3411F}.Debug|x86.ActiveCfg = Debug|x86
		{09A7AD4D-7D93-49AD-AF74-59EB04C3411F}.Debug|x86.Build.0 = Debug|x86
		{09A7AD4D-7D93-49AD-AF74-59EB04C3411F}.Release|Any CPU.ActiveCfg = Release|x86
		{09A7AD4D-7D93-49AD-AF74-59EB04C3411F}.Release|Mixed Platforms.ActiveCfg = Release|x86
		{09A7AD4D-7D93-49AD-AF74-59EB04C3411F}.Release|Mixed Platforms.Build.0 = Release|x86
		{09A7AD4D-7D93-49AD-AF74-59EB04C3411F}.Release|Win32.ActiveCfg = Release|x86
		{09A7AD4D-7D93-49AD-AF74-59EB04C3411F}.Release|x86.ActiveCfg = Release|x86
		{09A7AD4D-7D93-49AD-AF74-59EB04C3411F}.Release|x86.Build.0 = Release|x86
		{0E52D53F-C7C0-4A73-A1BC-B33B2363CCC7}.Debug|Any CPU.ActiveCfg = Debug|Any CPU
		{0E52D53F-C7C0-4A73-A1BC-B33B2363CCC7}.Debug|Any CPU.Build.0 = Debug|Any CPU
		{0E52D53F-C7C0-4A73-A1BC-B33B2363CCC7}.Debug|Mixed Platforms.ActiveCfg = Debug|Any CPU
		{0E52D53F-C7C0-4A73-A1BC-B33B2363CCC7}.Debug|Mixed Platforms.Build.0 = Debug|Any CPU
		{0E52D53F-C7C0-4A73-A1BC-B33B2363CCC7}.Debug|Win32.ActiveCfg = Debug|Any CPU
		{0E52D53F-C7C0-4A73-A1BC-B33B2363CCC7}.Debug|x86.ActiveCfg = Debug|Any CPU
		{0E52D53F-C7C0-4A73-A1BC-B33B2363CCC7}.Release|Any CPU.ActiveCfg = Release|Any CPU
		{0E52D53F-C7C0-4A73-A1BC-B33B2363CCC7}.Release|Any CPU.Build.0 = Release|Any CPU
		{0E52D53F-C7C0-4A73-A1BC-B33B2363CCC7}.Release|Mixed Platforms.ActiveCfg = Release|Any CPU
		{0E52D53F-C7C0-4A73-A1BC-B33B2363CCC7}.Release|Mixed Platforms.Build.0 = Release|Any CPU
		{0E52D53F-C7C0-4A73-A1BC-B33B2363CCC7}.Release|Win32.ActiveCfg = Release|Any CPU
		{0E52D53F-C7C0-4A73-A1BC-B33B2363CCC7}.Release|x86.ActiveCfg = Release|Any CPU
		{5DEA2811-2FFA-4959-830B-CAD3ACACABEB}.Debug|Any CPU.ActiveCfg = Debug|Any CPU
		{5DEA2811-2FFA-4959-830B-CAD3ACACABEB}.Debug|Any CPU.Build.0 = Debug|Any CPU
		{5DEA2811-2FFA-4959-830B-CAD3ACACABEB}.Debug|Mixed Platforms.ActiveCfg = Debug|Any CPU
		{5DEA2811-2FFA-4959-830B-CAD3ACACABEB}.Debug|Mixed Platforms.Build.0 = Debug|Any CPU
		{5DEA2811-2FFA-4959-830B-CAD3ACACABEB}.Debug|Win32.ActiveCfg = Debug|Any CPU
		{5DEA2811-2FFA-4959-830B-CAD3ACACABEB}.Debug|x86.ActiveCfg = Debug|Any CPU
		{5DEA2811-2FFA-4959-830B-CAD3ACACABEB}.Release|Any CPU.ActiveCfg = Release|Any CPU
		{5DEA2811-2FFA-4959-830B-CAD3ACACABEB}.Release|Any CPU.Build.0 = Release|Any CPU
		{5DEA2811-2FFA-4959-830B-CAD3ACACABEB}.Release|Mixed Platforms.ActiveCfg = Release|Any CPU
		{5DEA2811-2FFA-4959-830B-CAD3ACACABEB}.Release|Mixed Platforms.Build.0 = Release|Any CPU
		{5DEA2811-2FFA-4959-830B-CAD3ACACABEB}.Release|Win32.ActiveCfg = Release|Any CPU
		{5DEA2811-2FFA-4959-830B-CAD3ACACABEB}.Release|x86.ActiveCfg = Release|Any CPU
		{22A0E77E-9120-443F-B4CC-BB64B72AD54C}.Debug|Any CPU.ActiveCfg = Debug|Any CPU
		{22A0E77E-9120-443F-B4CC-BB64B72AD54C}.Debug|Any CPU.Build.0 = Debug|Any CPU
		{22A0E77E-9120-443F-B4CC-BB64B72AD54C}.Debug|Mixed Platforms.ActiveCfg = Debug|Any CPU
		{22A0E77E-9120-443F-B4CC-BB64B72AD54C}.Debug|Mixed Platforms.Build.0 = Debug|Any CPU
		{22A0E77E-9120-443F-B4CC-BB64B72AD54C}.Debug|Win32.ActiveCfg = Debug|Any CPU
		{22A0E77E-9120-443F-B4CC-BB64B72AD54C}.Debug|x86.ActiveCfg = Debug|Any CPU
		{22A0E77E-9120-443F-B4CC-BB64B72AD54C}.Release|Any CPU.ActiveCfg = Release|Any CPU
		{22A0E77E-9120-443F-B4CC-BB64B72AD54C}.Release|Any CPU.Build.0 = Release|Any CPU
		{22A0E77E-9120-443F-B4CC-BB64B72AD54C}.Release|Mixed Platforms.ActiveCfg = Release|Any CPU
		{22A0E77E-9120-443F-B4CC-BB64B72AD54C}.Release|Mixed Platforms.Build.0 = Release|Any CPU
		{22A0E77E-9120-443F-B4CC-BB64B72AD54C}.Release|Win32.ActiveCfg = Release|Any CPU
		{22A0E77E-9120-443F-B4CC-BB64B72AD54C}.Release|x86.ActiveCfg = Release|Any CPU
		{49BCC9F5-F81E-46B0-8FDA-0EC3D7BA1C70}.Debug|Any CPU.ActiveCfg = Debug|Any CPU
		{49BCC9F5-F81E-46B0-8FDA-0EC3D7BA1C70}.Debug|Any CPU.Build.0 = Debug|Any CPU
		{49BCC9F5-F81E-46B0-8FDA-0EC3D7BA1C70}.Debug|Mixed Platforms.ActiveCfg = Debug|Any CPU
		{49BCC9F5-F81E-46B0-8FDA-0EC3D7BA1C70}.Debug|Mixed Platforms.Build.0 = Debug|Any CPU
		{49BCC9F5-F81E-46B0-8FDA-0EC3D7BA1C70}.Debug|Win32.ActiveCfg = Debug|Any CPU
		{49BCC9F5-F81E-46B0-8FDA-0EC3D7BA1C70}.Debug|x86.ActiveCfg = Debug|Any CPU
		{49BCC9F5-F81E-46B0-8FDA-0EC3D7BA1C70}.Release|Any CPU.ActiveCfg = Release|Any CPU
		{49BCC9F5-F81E-46B0-8FDA-0EC3D7BA1C70}.Release|Any CPU.Build.0 = Release|Any CPU
		{49BCC9F5-F81E-46B0-8FDA-0EC3D7BA1C70}.Release|Mixed Platforms.ActiveCfg = Release|Any CPU
		{49BCC9F5-F81E-46B0-8FDA-0EC3D7BA1C70}.Release|Mixed Platforms.Build.0 = Release|Any CPU
		{49BCC9F5-F81E-46B0-8FDA-0EC3D7BA1C70}.Release|Win32.ActiveCfg = Release|Any CPU
		{49BCC9F5-F81E-46B0-8FDA-0EC3D7BA1C70}.Release|x86.ActiveCfg = Release|Any CPU
		{EF70A29C-E60A-44F1-9264-7E40A40FB7FC}.Debug|Any CPU.ActiveCfg = Debug|Any CPU
		{EF70A29C-E60A-44F1-9264-7E40A40FB7FC}.Debug|Any CPU.Build.0 = Debug|Any CPU
		{EF70A29C-E60A-44F1-9264-7E40A40FB7FC}.Debug|Mixed Platforms.ActiveCfg = Debug|Any CPU
		{EF70A29C-E60A-44F1-9264-7E40A40FB7FC}.Debug|Mixed Platforms.Build.0 = Debug|Any CPU
		{EF70A29C-E60A-44F1-9264-7E40A40FB7FC}.Debug|Win32.ActiveCfg = Debug|Any CPU
		{EF70A29C-E60A-44F1-9264-7E40A40FB7FC}.Debug|x86.ActiveCfg = Debug|Any CPU
		{EF70A29C-E60A-44F1-9264-7E40A40FB7FC}.Release|Any CPU.ActiveCfg = Release|Any CPU
		{EF70A29C-E60A-44F1-9264-7E40A40FB7FC}.Release|Any CPU.Build.0 = Release|Any CPU
		{EF70A29C-E60A-44F1-9264-7E40A40FB7FC}.Release|Mixed Platforms.ActiveCfg = Release|Any CPU
		{EF70A29C-E60A-44F1-9264-7E40A40FB7FC}.Release|Mixed Platforms.Build.0 = Release|Any CPU
		{EF70A29C-E60A-44F1-9264-7E40A40FB7FC}.Release|Win32.ActiveCfg = Release|Any CPU
		{EF70A29C-E60A-44F1-9264-7E40A40FB7FC}.Release|x86.ActiveCfg = Release|Any CPU
		{32050562-6571-4378-B314-47B96F65D34C}.Debug|Any CPU.ActiveCfg = Debug|Any CPU
		{32050562-6571-4378-B314-47B96F65D34C}.Debug|Any CPU.Build.0 = Debug|Any CPU
		{32050562-6571-4378-B314-47B96F65D34C}.Debug|Mixed Platforms.ActiveCfg = Debug|Any CPU
		{32050562-6571-4378-B314-47B96F65D34C}.Debug|Mixed Platforms.Build.0 = Debug|Any CPU
		{32050562-6571-4378-B314-47B96F65D34C}.Debug|Win32.ActiveCfg = Debug|Any CPU
		{32050562-6571-4378-B314-47B96F65D34C}.Debug|x86.ActiveCfg = Debug|Any CPU
		{32050562-6571-4378-B314-47B96F65D34C}.Release|Any CPU.ActiveCfg = Release|Any CPU
		{32050562-6571-4378-B314-47B96F65D34C}.Release|Any CPU.Build.0 = Release|Any CPU
		{32050562-6571-4378-B314-47B96F65D34C}.Release|Mixed Platforms.ActiveCfg = Release|Any CPU
		{32050562-6571-4378-B314-47B96F65D34C}.Release|Mixed Platforms.Build.0 = Release|Any CPU
		{32050562-6571-4378-B314-47B96F65D34C}.Release|Win32.ActiveCfg = Release|Any CPU
		{32050562-6571-4378-B314-47B96F65D34C}.Release|x86.ActiveCfg = Release|Any CPU
		{9D5CFD7A-EDBB-4708-983C-B204BEB24C6E}.Debug|Any CPU.ActiveCfg = Debug|Any CPU
		{9D5CFD7A-EDBB-4708-983C-B204BEB24C6E}.Debug|Any CPU.Build.0 = Debug|Any CPU
		{9D5CFD7A-EDBB-4708-983C-B204BEB24C6E}.Debug|Mixed Platforms.ActiveCfg = Debug|Any CPU
		{9D5CFD7A-EDBB-4708-983C-B204BEB24C6E}.Debug|Mixed Platforms.Build.0 = Debug|Any CPU
		{9D5CFD7A-EDBB-4708-983C-B204BEB24C6E}.Debug|Win32.ActiveCfg = Debug|Any CPU
		{9D5CFD7A-EDBB-4708-983C-B204BEB24C6E}.Debug|x86.ActiveCfg = Debug|Any CPU
		{9D5CFD7A-EDBB-4708-983C-B204BEB24C6E}.Release|Any CPU.ActiveCfg = Release|Any CPU
		{9D5CFD7A-EDBB-4708-983C-B204BEB24C6E}.Release|Any CPU.Build.0 = Release|Any CPU
		{9D5CFD7A-EDBB-4708-983C-B204BEB24C6E}.Release|Mixed Platforms.ActiveCfg = Release|Any CPU
		{9D5CFD7A-EDBB-4708-983C-B204BEB24C6E}.Release|Mixed Platforms.Build.0 = Release|Any CPU
		{9D5CFD7A-EDBB-4708-983C-B204BEB24C6E}.Release|Win32.ActiveCfg = Release|Any CPU
		{9D5CFD7A-EDBB-4708-983C-B204BEB24C6E}.Release|x86.ActiveCfg = Release|Any CPU
	EndGlobalSection
	GlobalSection(SolutionProperties) = preSolution
		HideSolutionNode = FALSE
	EndGlobalSection
	GlobalSection(NestedProjects) = preSolution
		{3BEFF2D7-EDE2-4F7C-B6C9-FDF59DB58E2E} = {187E46AA-5A45-4352-A506-52BDBBA496F8}
		{9BEAC890-D708-4DC9-B800-35D8E550AAFB} = {187E46AA-5A45-4352-A506-52BDBBA496F8}
		{8D5BA6AB-6D10-4BAE-B310-4DB8A3D9E87A} = {187E46AA-5A45-4352-A506-52BDBBA496F8}
		{F3ECFD88-59E5-4398-B56C-72B6CBF59DB2} = {187E46AA-5A45-4352-A506-52BDBBA496F8}
		{01054157-AE03-456C-892D-351D82492151} = {187E46AA-5A45-4352-A506-52BDBBA496F8}
		{22A0E77E-9120-443F-B4CC-BB64B72AD54C} = {187E46AA-5A45-4352-A506-52BDBBA496F8}
		{F446635B-63B9-4C30-B286-8095B43EF06A} = {6C5BAEE6-05C7-4970-9A53-C7584A0A7BD3}
		{1F982848-3481-40A5-B927-3B6EDF187864} = {6C5BAEE6-05C7-4970-9A53-C7584A0A7BD3}
		{31D91DBD-A432-4802-9BC9-1C8D4BB055DD} = {6C5BAEE6-05C7-4970-9A53-C7584A0A7BD3}
		{6E594616-8BAD-438D-83DF-CA746EA6ABD4} = {6C5BAEE6-05C7-4970-9A53-C7584A0A7BD3}
		{E6344D70-A462-4415-82F6-0AEEDA35CFBD} = {6C5BAEE6-05C7-4970-9A53-C7584A0A7BD3}
		{DE94AC3D-4419-4C07-A7C7-55F119CD0F34} = {6C5BAEE6-05C7-4970-9A53-C7584A0A7BD3}
		{906D2088-1E69-4013-A52C-DE1E22CCCBCC} = {6C5BAEE6-05C7-4970-9A53-C7584A0A7BD3}
		{E5E6F059-F84C-4831-9E5F-A675DD935767} = {6C5BAEE6-05C7-4970-9A53-C7584A0A7BD3}
		{49BCC9F5-F81E-46B0-8FDA-0EC3D7BA1C70} = {6C5BAEE6-05C7-4970-9A53-C7584A0A7BD3}
		{EF70A29C-E60A-44F1-9264-7E40A40FB7FC} = {6C5BAEE6-05C7-4970-9A53-C7584A0A7BD3}
		{9D5CFD7A-EDBB-4708-983C-B204BEB24C6E} = {6C5BAEE6-05C7-4970-9A53-C7584A0A7BD3}
		{80EF87F7-A2CE-4E4A-984F-77ACBC01020D} = {E4118354-C86B-4B09-A689-59D349386D49}
		{CB584136-5A78-42BC-A2EB-367B9E60290D} = {E4118354-C86B-4B09-A689-59D349386D49}
		{D20BF580-101C-4705-93FC-8240A728203E} = {E4118354-C86B-4B09-A689-59D349386D49}
		{384A5598-AC5D-47D6-80B9-03A428AF1474} = {E4118354-C86B-4B09-A689-59D349386D49}
		{3118B8E0-0EC3-480F-94B6-3ECAF9C68248} = {FF1D4157-FF14-4981-8769-C43BD875A416}
		{F8FDFE2F-C2AF-490C-8FA9-039487D90E56} = {FF1D4157-FF14-4981-8769-C43BD875A416}
		{28ABB583-2CF1-49B8-914E-5A4D138B239C} = {A80B33FE-9178-43B7-91F4-DDC342D42C74}
		{32050562-6571-4378-B314-47B96F65D34C} = {A80B33FE-9178-43B7-91F4-DDC342D42C74}
	EndGlobalSection
EndGlobal
