
Microsoft Visual Studio Solution File, Format Version 11.00
# Visual Studio 2010
Project("{FAE04EC0-301F-11D3-BF4B-00C04F79EFBC}") = "SchematicUnitTests", "test\SchematicUnitTests\SchematicUnitTests.csproj", "{F446635B-63B9-4C30-B286-8095B43EF06A}"
EndProject
Project("{2150E333-8FDC-42A3-9474-1A3956D46DE8}") = "Tests", "Tests", "{6C5BAEE6-05C7-4970-9A53-C7584A0A7BD3}"
EndProject
Project("{FAE04EC0-301F-11D3-BF4B-00C04F79EFBC}") = "SystemCTest", "test\SystemCTest\SystemCTest.csproj", "{1F982848-3481-40A5-B927-3B6EDF187864}"
EndProject
Project("{FAE04EC0-301F-11D3-BF4B-00C04F79EFBC}") = "ModelsTest", "test\ModelsTest\ModelsTest.csproj", "{31D91DBD-A432-4802-9BC9-1C8D4BB055DD}"
EndProject
Project("{FAE04EC0-301F-11D3-BF4B-00C04F79EFBC}") = "TonkaDDPTest", "test\TonkaDDPTest\TonkaDDPTest.csproj", "{6E594616-8BAD-438D-83DF-CA746EA6ABD4}"
EndProject
Project("{FAE04EC0-301F-11D3-BF4B-00C04F79EFBC}") = "CyPhy2MfgBomTest", "test\CyPhy2MfgBomTest\CyPhy2MfgBomTest.csproj", "{E6344D70-A462-4415-82F6-0AEEDA35CFBD}"
EndProject
Project("{FAE04EC0-301F-11D3-BF4B-00C04F79EFBC}") = "BinPackTest", "test\BinPackTest\BinPackTest.csproj", "{DE94AC3D-4419-4C07-A7C7-55F119CD0F34}"
EndProject
Project("{FAE04EC0-301F-11D3-BF4B-00C04F79EFBC}") = "SpiceLibTest", "test\SpiceParserTest\SpiceLibTest.csproj", "{4EBDC1CB-397B-4D7D-A070-FA8B0CF0E757}"
EndProject
Project("{FAE04EC0-301F-11D3-BF4B-00C04F79EFBC}") = "PinMatcher", "src\PinMatcher\PinMatcher.csproj", "{A21431BF-BE0A-4FE8-A922-35F9D748FC1F}"
EndProject
Project("{FAE04EC0-301F-11D3-BF4B-00C04F79EFBC}") = "ConnectorUnrollTest", "test\ConnectorUnrollTest\ConnectorUnrollTest.csproj", "{16E20167-3434-485B-AB6C-D61C8BDAFE92}"
EndProject
Project("{FAE04EC0-301F-11D3-BF4B-00C04F79EFBC}") = "AraRFAnalysisTest", "test\AraRFAnalysisTest\AraRFAnalysisTest.csproj", "{0E52D53F-C7C0-4A73-A1BC-B33B2363CCC7}"
EndProject
Project("{FAE04EC0-301F-11D3-BF4B-00C04F79EFBC}") = "CyPhy2CADPCBTest", "test\CyPhy2CADPCBTest\CyPhy2CADPCBTest.csproj", "{9D5CFD7A-EDBB-4708-983C-B204BEB24C6E}"
EndProject
Project("{FAE04EC0-301F-11D3-BF4B-00C04F79EFBC}") = "CyPhy2PCBMfgTest", "test\CyPhy2PCBMfgTest\CyPhy2PCBMfgTest.csproj", "{49BCC9F5-F81E-46B0-8FDA-0EC3D7BA1C70}"
EndProject
Project("{FAE04EC0-301F-11D3-BF4B-00C04F79EFBC}") = "CyPhy2RFTest", "test\CyPhy2RFTest\CyPhy2RFTest.csproj", "{E5E6F059-F84C-4831-9E5F-A675DD935767}"
EndProject
Project("{FAE04EC0-301F-11D3-BF4B-00C04F79EFBC}") = "PcbToolsTest", "test\PcbToolsTest\PcbToolsTest.csproj", "{EF70A29C-E60A-44F1-9264-7E40A40FB7FC}"
EndProject
Project("{FAE04EC0-301F-11D3-BF4B-00C04F79EFBC}") = "SpiceViewerTest", "test\SpiceViewerTest\SpiceViewerTest.csproj", "{906D2088-1E69-4013-A52C-DE1E22CCCBCC}"
EndProject
Global
	GlobalSection(SolutionConfigurationPlatforms) = preSolution
		Debug|Any CPU = Debug|Any CPU
		Debug|Mixed Platforms = Debug|Mixed Platforms
		Debug|x86 = Debug|x86
		Release|Any CPU = Release|Any CPU
		Release|Mixed Platforms = Release|Mixed Platforms
		Release|x86 = Release|x86
	EndGlobalSection
	GlobalSection(ProjectConfigurationPlatforms) = postSolution
		{F446635B-63B9-4C30-B286-8095B43EF06A}.Debug|Any CPU.ActiveCfg = Debug|Any CPU
		{F446635B-63B9-4C30-B286-8095B43EF06A}.Debug|Any CPU.Build.0 = Debug|Any CPU
		{F446635B-63B9-4C30-B286-8095B43EF06A}.Debug|Mixed Platforms.ActiveCfg = Debug|Any CPU
		{F446635B-63B9-4C30-B286-8095B43EF06A}.Debug|Mixed Platforms.Build.0 = Debug|Any CPU
		{F446635B-63B9-4C30-B286-8095B43EF06A}.Debug|x86.ActiveCfg = Debug|Any CPU
		{F446635B-63B9-4C30-B286-8095B43EF06A}.Debug|x86.Build.0 = Debug|Any CPU
		{F446635B-63B9-4C30-B286-8095B43EF06A}.Release|Any CPU.ActiveCfg = Release|Any CPU
		{F446635B-63B9-4C30-B286-8095B43EF06A}.Release|Any CPU.Build.0 = Release|Any CPU
		{F446635B-63B9-4C30-B286-8095B43EF06A}.Release|Mixed Platforms.ActiveCfg = Release|Any CPU
		{F446635B-63B9-4C30-B286-8095B43EF06A}.Release|Mixed Platforms.Build.0 = Release|Any CPU
		{F446635B-63B9-4C30-B286-8095B43EF06A}.Release|x86.ActiveCfg = Release|Any CPU
		{F446635B-63B9-4C30-B286-8095B43EF06A}.Release|x86.Build.0 = Release|Any CPU
		{1F982848-3481-40A5-B927-3B6EDF187864}.Debug|Any CPU.ActiveCfg = Debug|Any CPU
		{1F982848-3481-40A5-B927-3B6EDF187864}.Debug|Any CPU.Build.0 = Debug|Any CPU
		{1F982848-3481-40A5-B927-3B6EDF187864}.Debug|Mixed Platforms.ActiveCfg = Debug|Any CPU
		{1F982848-3481-40A5-B927-3B6EDF187864}.Debug|Mixed Platforms.Build.0 = Debug|Any CPU
		{1F982848-3481-40A5-B927-3B6EDF187864}.Debug|x86.ActiveCfg = Debug|Any CPU
		{1F982848-3481-40A5-B927-3B6EDF187864}.Debug|x86.Build.0 = Debug|Any CPU
		{1F982848-3481-40A5-B927-3B6EDF187864}.Release|Any CPU.ActiveCfg = Release|Any CPU
		{1F982848-3481-40A5-B927-3B6EDF187864}.Release|Any CPU.Build.0 = Release|Any CPU
		{1F982848-3481-40A5-B927-3B6EDF187864}.Release|Mixed Platforms.ActiveCfg = Release|Any CPU
		{1F982848-3481-40A5-B927-3B6EDF187864}.Release|Mixed Platforms.Build.0 = Release|Any CPU
		{1F982848-3481-40A5-B927-3B6EDF187864}.Release|x86.ActiveCfg = Release|Any CPU
		{1F982848-3481-40A5-B927-3B6EDF187864}.Release|x86.Build.0 = Release|Any CPU
		{31D91DBD-A432-4802-9BC9-1C8D4BB055DD}.Debug|Any CPU.ActiveCfg = Debug|Any CPU
		{31D91DBD-A432-4802-9BC9-1C8D4BB055DD}.Debug|Any CPU.Build.0 = Debug|Any CPU
		{31D91DBD-A432-4802-9BC9-1C8D4BB055DD}.Debug|Mixed Platforms.ActiveCfg = Debug|Any CPU
		{31D91DBD-A432-4802-9BC9-1C8D4BB055DD}.Debug|Mixed Platforms.Build.0 = Debug|Any CPU
		{31D91DBD-A432-4802-9BC9-1C8D4BB055DD}.Debug|x86.ActiveCfg = Debug|Any CPU
		{31D91DBD-A432-4802-9BC9-1C8D4BB055DD}.Debug|x86.Build.0 = Debug|Any CPU
		{31D91DBD-A432-4802-9BC9-1C8D4BB055DD}.Release|Any CPU.ActiveCfg = Release|Any CPU
		{31D91DBD-A432-4802-9BC9-1C8D4BB055DD}.Release|Any CPU.Build.0 = Release|Any CPU
		{31D91DBD-A432-4802-9BC9-1C8D4BB055DD}.Release|Mixed Platforms.ActiveCfg = Release|Any CPU
		{31D91DBD-A432-4802-9BC9-1C8D4BB055DD}.Release|Mixed Platforms.Build.0 = Release|Any CPU
		{31D91DBD-A432-4802-9BC9-1C8D4BB055DD}.Release|x86.ActiveCfg = Release|Any CPU
		{31D91DBD-A432-4802-9BC9-1C8D4BB055DD}.Release|x86.Build.0 = Release|Any CPU
		{6E594616-8BAD-438D-83DF-CA746EA6ABD4}.Debug|Any CPU.ActiveCfg = Debug|x86
		{6E594616-8BAD-438D-83DF-CA746EA6ABD4}.Debug|Mixed Platforms.ActiveCfg = Debug|x86
		{6E594616-8BAD-438D-83DF-CA746EA6ABD4}.Debug|Mixed Platforms.Build.0 = Debug|x86
		{6E594616-8BAD-438D-83DF-CA746EA6ABD4}.Debug|x86.ActiveCfg = Debug|x86
		{6E594616-8BAD-438D-83DF-CA746EA6ABD4}.Debug|x86.Build.0 = Debug|x86
		{6E594616-8BAD-438D-83DF-CA746EA6ABD4}.Release|Any CPU.ActiveCfg = Release|x86
		{6E594616-8BAD-438D-83DF-CA746EA6ABD4}.Release|Any CPU.Build.0 = Release|x86
		{6E594616-8BAD-438D-83DF-CA746EA6ABD4}.Release|Mixed Platforms.ActiveCfg = Release|x86
		{6E594616-8BAD-438D-83DF-CA746EA6ABD4}.Release|Mixed Platforms.Build.0 = Release|x86
		{6E594616-8BAD-438D-83DF-CA746EA6ABD4}.Release|x86.ActiveCfg = Release|x86
		{6E594616-8BAD-438D-83DF-CA746EA6ABD4}.Release|x86.Build.0 = Release|x86
		{E6344D70-A462-4415-82F6-0AEEDA35CFBD}.Debug|Any CPU.ActiveCfg = Debug|Any CPU
		{E6344D70-A462-4415-82F6-0AEEDA35CFBD}.Debug|Any CPU.Build.0 = Debug|Any CPU
		{E6344D70-A462-4415-82F6-0AEEDA35CFBD}.Debug|Mixed Platforms.ActiveCfg = Debug|Any CPU
		{E6344D70-A462-4415-82F6-0AEEDA35CFBD}.Debug|Mixed Platforms.Build.0 = Debug|Any CPU
		{E6344D70-A462-4415-82F6-0AEEDA35CFBD}.Debug|x86.ActiveCfg = Debug|Any CPU
		{E6344D70-A462-4415-82F6-0AEEDA35CFBD}.Debug|x86.Build.0 = Debug|Any CPU
		{E6344D70-A462-4415-82F6-0AEEDA35CFBD}.Release|Any CPU.ActiveCfg = Release|Any CPU
		{E6344D70-A462-4415-82F6-0AEEDA35CFBD}.Release|Any CPU.Build.0 = Release|Any CPU
		{E6344D70-A462-4415-82F6-0AEEDA35CFBD}.Release|Mixed Platforms.ActiveCfg = Release|Any CPU
		{E6344D70-A462-4415-82F6-0AEEDA35CFBD}.Release|Mixed Platforms.Build.0 = Release|Any CPU
		{E6344D70-A462-4415-82F6-0AEEDA35CFBD}.Release|x86.ActiveCfg = Release|Any CPU
		{E6344D70-A462-4415-82F6-0AEEDA35CFBD}.Release|x86.Build.0 = Release|Any CPU
		{DE94AC3D-4419-4C07-A7C7-55F119CD0F34}.Debug|Any CPU.ActiveCfg = Debug|Any CPU
		{DE94AC3D-4419-4C07-A7C7-55F119CD0F34}.Debug|Any CPU.Build.0 = Debug|Any CPU
		{DE94AC3D-4419-4C07-A7C7-55F119CD0F34}.Debug|Mixed Platforms.ActiveCfg = Debug|Any CPU
		{DE94AC3D-4419-4C07-A7C7-55F119CD0F34}.Debug|Mixed Platforms.Build.0 = Debug|Any CPU
		{DE94AC3D-4419-4C07-A7C7-55F119CD0F34}.Debug|x86.ActiveCfg = Debug|Any CPU
		{DE94AC3D-4419-4C07-A7C7-55F119CD0F34}.Debug|x86.Build.0 = Debug|Any CPU
		{DE94AC3D-4419-4C07-A7C7-55F119CD0F34}.Release|Any CPU.ActiveCfg = Release|Any CPU
		{DE94AC3D-4419-4C07-A7C7-55F119CD0F34}.Release|Any CPU.Build.0 = Release|Any CPU
		{DE94AC3D-4419-4C07-A7C7-55F119CD0F34}.Release|Mixed Platforms.ActiveCfg = Release|Any CPU
		{DE94AC3D-4419-4C07-A7C7-55F119CD0F34}.Release|Mixed Platforms.Build.0 = Release|Any CPU
		{DE94AC3D-4419-4C07-A7C7-55F119CD0F34}.Release|x86.ActiveCfg = Release|Any CPU
		{DE94AC3D-4419-4C07-A7C7-55F119CD0F34}.Release|x86.Build.0 = Release|Any CPU
		{4EBDC1CB-397B-4D7D-A070-FA8B0CF0E757}.Debug|Any CPU.ActiveCfg = Debug|x86
		{4EBDC1CB-397B-4D7D-A070-FA8B0CF0E757}.Debug|Mixed Platforms.ActiveCfg = Debug|x86
		{4EBDC1CB-397B-4D7D-A070-FA8B0CF0E757}.Debug|Mixed Platforms.Build.0 = Debug|x86
		{4EBDC1CB-397B-4D7D-A070-FA8B0CF0E757}.Debug|x86.ActiveCfg = Debug|x86
		{4EBDC1CB-397B-4D7D-A070-FA8B0CF0E757}.Debug|x86.Build.0 = Debug|x86
		{4EBDC1CB-397B-4D7D-A070-FA8B0CF0E757}.Release|Any CPU.ActiveCfg = Release|x86
		{4EBDC1CB-397B-4D7D-A070-FA8B0CF0E757}.Release|Any CPU.Build.0 = Release|x86
		{4EBDC1CB-397B-4D7D-A070-FA8B0CF0E757}.Release|Mixed Platforms.ActiveCfg = Release|x86
		{4EBDC1CB-397B-4D7D-A070-FA8B0CF0E757}.Release|Mixed Platforms.Build.0 = Release|x86
		{4EBDC1CB-397B-4D7D-A070-FA8B0CF0E757}.Release|x86.ActiveCfg = Release|x86
		{4EBDC1CB-397B-4D7D-A070-FA8B0CF0E757}.Release|x86.Build.0 = Release|x86
		{A21431BF-BE0A-4FE8-A922-35F9D748FC1F}.Debug|Any CPU.ActiveCfg = Debug|Any CPU
		{A21431BF-BE0A-4FE8-A922-35F9D748FC1F}.Debug|Any CPU.Build.0 = Debug|Any CPU
		{A21431BF-BE0A-4FE8-A922-35F9D748FC1F}.Debug|Mixed Platforms.ActiveCfg = Debug|Any CPU
		{A21431BF-BE0A-4FE8-A922-35F9D748FC1F}.Debug|Mixed Platforms.Build.0 = Debug|Any CPU
		{A21431BF-BE0A-4FE8-A922-35F9D748FC1F}.Debug|x86.ActiveCfg = Debug|Any CPU
		{A21431BF-BE0A-4FE8-A922-35F9D748FC1F}.Release|Any CPU.ActiveCfg = Release|Any CPU
		{A21431BF-BE0A-4FE8-A922-35F9D748FC1F}.Release|Any CPU.Build.0 = Release|Any CPU
		{A21431BF-BE0A-4FE8-A922-35F9D748FC1F}.Release|Mixed Platforms.ActiveCfg = Release|Any CPU
		{A21431BF-BE0A-4FE8-A922-35F9D748FC1F}.Release|Mixed Platforms.Build.0 = Release|Any CPU
		{A21431BF-BE0A-4FE8-A922-35F9D748FC1F}.Release|x86.ActiveCfg = Release|Any CPU
		{A21431BF-BE0A-4FE8-A922-35F9D748FC1F}.Release|x86.Build.0 = Release|Any CPU
		{16E20167-3434-485B-AB6C-D61C8BDAFE92}.Debug|Any CPU.ActiveCfg = Debug|Any CPU
		{16E20167-3434-485B-AB6C-D61C8BDAFE92}.Debug|Any CPU.Build.0 = Debug|Any CPU
		{16E20167-3434-485B-AB6C-D61C8BDAFE92}.Debug|Mixed Platforms.ActiveCfg = Debug|Any CPU
		{16E20167-3434-485B-AB6C-D61C8BDAFE92}.Debug|Mixed Platforms.Build.0 = Debug|Any CPU
		{16E20167-3434-485B-AB6C-D61C8BDAFE92}.Debug|x86.ActiveCfg = Debug|Any CPU
		{16E20167-3434-485B-AB6C-D61C8BDAFE92}.Release|Any CPU.ActiveCfg = Release|Any CPU
		{16E20167-3434-485B-AB6C-D61C8BDAFE92}.Release|Any CPU.Build.0 = Release|Any CPU
		{16E20167-3434-485B-AB6C-D61C8BDAFE92}.Release|Mixed Platforms.ActiveCfg = Release|Any CPU
		{16E20167-3434-485B-AB6C-D61C8BDAFE92}.Release|Mixed Platforms.Build.0 = Release|Any CPU
		{16E20167-3434-485B-AB6C-D61C8BDAFE92}.Release|x86.ActiveCfg = Release|Any CPU
		{16E20167-3434-485B-AB6C-D61C8BDAFE92}.Release|x86.Build.0 = Release|Any CPU
		{0E52D53F-C7C0-4A73-A1BC-B33B2363CCC7}.Debug|Any CPU.ActiveCfg = Debug|Any CPU
		{0E52D53F-C7C0-4A73-A1BC-B33B2363CCC7}.Debug|Any CPU.Build.0 = Debug|Any CPU
		{0E52D53F-C7C0-4A73-A1BC-B33B2363CCC7}.Debug|Mixed Platforms.ActiveCfg = Debug|Any CPU
		{0E52D53F-C7C0-4A73-A1BC-B33B2363CCC7}.Debug|Mixed Platforms.Build.0 = Debug|Any CPU
		{0E52D53F-C7C0-4A73-A1BC-B33B2363CCC7}.Debug|x86.ActiveCfg = Debug|Any CPU
		{0E52D53F-C7C0-4A73-A1BC-B33B2363CCC7}.Release|Any CPU.ActiveCfg = Release|Any CPU
		{0E52D53F-C7C0-4A73-A1BC-B33B2363CCC7}.Release|Any CPU.Build.0 = Release|Any CPU
		{0E52D53F-C7C0-4A73-A1BC-B33B2363CCC7}.Release|Mixed Platforms.ActiveCfg = Release|Any CPU
		{0E52D53F-C7C0-4A73-A1BC-B33B2363CCC7}.Release|Mixed Platforms.Build.0 = Release|Any CPU
		{0E52D53F-C7C0-4A73-A1BC-B33B2363CCC7}.Release|x86.ActiveCfg = Release|Any CPU
		{9D5CFD7A-EDBB-4708-983C-B204BEB24C6E}.Debug|Any CPU.ActiveCfg = Debug|Any CPU
		{9D5CFD7A-EDBB-4708-983C-B204BEB24C6E}.Debug|Any CPU.Build.0 = Debug|Any CPU
		{9D5CFD7A-EDBB-4708-983C-B204BEB24C6E}.Debug|Mixed Platforms.ActiveCfg = Debug|Any CPU
		{9D5CFD7A-EDBB-4708-983C-B204BEB24C6E}.Debug|Mixed Platforms.Build.0 = Debug|Any CPU
		{9D5CFD7A-EDBB-4708-983C-B204BEB24C6E}.Debug|x86.ActiveCfg = Debug|Any CPU
		{9D5CFD7A-EDBB-4708-983C-B204BEB24C6E}.Release|Any CPU.ActiveCfg = Release|Any CPU
		{9D5CFD7A-EDBB-4708-983C-B204BEB24C6E}.Release|Any CPU.Build.0 = Release|Any CPU
		{9D5CFD7A-EDBB-4708-983C-B204BEB24C6E}.Release|Mixed Platforms.ActiveCfg = Release|Any CPU
		{9D5CFD7A-EDBB-4708-983C-B204BEB24C6E}.Release|Mixed Platforms.Build.0 = Release|Any CPU
		{9D5CFD7A-EDBB-4708-983C-B204BEB24C6E}.Release|x86.ActiveCfg = Release|Any CPU
		{49BCC9F5-F81E-46B0-8FDA-0EC3D7BA1C70}.Debug|Any CPU.ActiveCfg = Debug|Any CPU
		{49BCC9F5-F81E-46B0-8FDA-0EC3D7BA1C70}.Debug|Any CPU.Build.0 = Debug|Any CPU
		{49BCC9F5-F81E-46B0-8FDA-0EC3D7BA1C70}.Debug|Mixed Platforms.ActiveCfg = Debug|Any CPU
		{49BCC9F5-F81E-46B0-8FDA-0EC3D7BA1C70}.Debug|Mixed Platforms.Build.0 = Debug|Any CPU
		{49BCC9F5-F81E-46B0-8FDA-0EC3D7BA1C70}.Debug|x86.ActiveCfg = Debug|Any CPU
		{49BCC9F5-F81E-46B0-8FDA-0EC3D7BA1C70}.Release|Any CPU.ActiveCfg = Release|Any CPU
		{49BCC9F5-F81E-46B0-8FDA-0EC3D7BA1C70}.Release|Any CPU.Build.0 = Release|Any CPU
		{49BCC9F5-F81E-46B0-8FDA-0EC3D7BA1C70}.Release|Mixed Platforms.ActiveCfg = Release|Any CPU
		{49BCC9F5-F81E-46B0-8FDA-0EC3D7BA1C70}.Release|Mixed Platforms.Build.0 = Release|Any CPU
		{49BCC9F5-F81E-46B0-8FDA-0EC3D7BA1C70}.Release|x86.ActiveCfg = Release|Any CPU
		{E5E6F059-F84C-4831-9E5F-A675DD935767}.Debug|Any CPU.ActiveCfg = Debug|Any CPU
		{E5E6F059-F84C-4831-9E5F-A675DD935767}.Debug|Any CPU.Build.0 = Debug|Any CPU
		{E5E6F059-F84C-4831-9E5F-A675DD935767}.Debug|Mixed Platforms.ActiveCfg = Debug|Any CPU
		{E5E6F059-F84C-4831-9E5F-A675DD935767}.Debug|Mixed Platforms.Build.0 = Debug|Any CPU
		{E5E6F059-F84C-4831-9E5F-A675DD935767}.Debug|x86.ActiveCfg = Debug|Any CPU
		{E5E6F059-F84C-4831-9E5F-A675DD935767}.Release|Any CPU.ActiveCfg = Release|Any CPU
		{E5E6F059-F84C-4831-9E5F-A675DD935767}.Release|Any CPU.Build.0 = Release|Any CPU
		{E5E6F059-F84C-4831-9E5F-A675DD935767}.Release|Mixed Platforms.ActiveCfg = Release|Any CPU
		{E5E6F059-F84C-4831-9E5F-A675DD935767}.Release|Mixed Platforms.Build.0 = Release|Any CPU
		{E5E6F059-F84C-4831-9E5F-A675DD935767}.Release|x86.ActiveCfg = Release|Any CPU
		{EF70A29C-E60A-44F1-9264-7E40A40FB7FC}.Debug|Any CPU.ActiveCfg = Debug|Any CPU
		{EF70A29C-E60A-44F1-9264-7E40A40FB7FC}.Debug|Any CPU.Build.0 = Debug|Any CPU
		{EF70A29C-E60A-44F1-9264-7E40A40FB7FC}.Debug|Mixed Platforms.ActiveCfg = Debug|Any CPU
		{EF70A29C-E60A-44F1-9264-7E40A40FB7FC}.Debug|Mixed Platforms.Build.0 = Debug|Any CPU
		{EF70A29C-E60A-44F1-9264-7E40A40FB7FC}.Debug|x86.ActiveCfg = Debug|Any CPU
		{EF70A29C-E60A-44F1-9264-7E40A40FB7FC}.Release|Any CPU.ActiveCfg = Release|Any CPU
		{EF70A29C-E60A-44F1-9264-7E40A40FB7FC}.Release|Any CPU.Build.0 = Release|Any CPU
		{EF70A29C-E60A-44F1-9264-7E40A40FB7FC}.Release|Mixed Platforms.ActiveCfg = Release|Any CPU
		{EF70A29C-E60A-44F1-9264-7E40A40FB7FC}.Release|Mixed Platforms.Build.0 = Release|Any CPU
		{EF70A29C-E60A-44F1-9264-7E40A40FB7FC}.Release|x86.ActiveCfg = Release|Any CPU
		{906D2088-1E69-4013-A52C-DE1E22CCCBCC}.Debug|Any CPU.ActiveCfg = Debug|Any CPU
		{906D2088-1E69-4013-A52C-DE1E22CCCBCC}.Debug|Any CPU.Build.0 = Debug|Any CPU
		{906D2088-1E69-4013-A52C-DE1E22CCCBCC}.Debug|Mixed Platforms.ActiveCfg = Debug|Any CPU
		{906D2088-1E69-4013-A52C-DE1E22CCCBCC}.Debug|Mixed Platforms.Build.0 = Debug|Any CPU
		{906D2088-1E69-4013-A52C-DE1E22CCCBCC}.Debug|x86.ActiveCfg = Debug|Any CPU
		{906D2088-1E69-4013-A52C-DE1E22CCCBCC}.Release|Any CPU.ActiveCfg = Release|Any CPU
		{906D2088-1E69-4013-A52C-DE1E22CCCBCC}.Release|Any CPU.Build.0 = Release|Any CPU
		{906D2088-1E69-4013-A52C-DE1E22CCCBCC}.Release|Mixed Platforms.ActiveCfg = Release|Any CPU
		{906D2088-1E69-4013-A52C-DE1E22CCCBCC}.Release|Mixed Platforms.Build.0 = Release|Any CPU
		{906D2088-1E69-4013-A52C-DE1E22CCCBCC}.Release|x86.ActiveCfg = Release|Any CPU
	EndGlobalSection
	GlobalSection(SolutionProperties) = preSolution
		HideSolutionNode = FALSE
	EndGlobalSection
	GlobalSection(NestedProjects) = preSolution
		{F446635B-63B9-4C30-B286-8095B43EF06A} = {6C5BAEE6-05C7-4970-9A53-C7584A0A7BD3}
		{1F982848-3481-40A5-B927-3B6EDF187864} = {6C5BAEE6-05C7-4970-9A53-C7584A0A7BD3}
		{31D91DBD-A432-4802-9BC9-1C8D4BB055DD} = {6C5BAEE6-05C7-4970-9A53-C7584A0A7BD3}
		{6E594616-8BAD-438D-83DF-CA746EA6ABD4} = {6C5BAEE6-05C7-4970-9A53-C7584A0A7BD3}
		{E6344D70-A462-4415-82F6-0AEEDA35CFBD} = {6C5BAEE6-05C7-4970-9A53-C7584A0A7BD3}
		{DE94AC3D-4419-4C07-A7C7-55F119CD0F34} = {6C5BAEE6-05C7-4970-9A53-C7584A0A7BD3}
		{4EBDC1CB-397B-4D7D-A070-FA8B0CF0E757} = {6C5BAEE6-05C7-4970-9A53-C7584A0A7BD3}
		{A21431BF-BE0A-4FE8-A922-35F9D748FC1F} = {6C5BAEE6-05C7-4970-9A53-C7584A0A7BD3}
		{16E20167-3434-485B-AB6C-D61C8BDAFE92} = {6C5BAEE6-05C7-4970-9A53-C7584A0A7BD3}
		{0E52D53F-C7C0-4A73-A1BC-B33B2363CCC7} = {6C5BAEE6-05C7-4970-9A53-C7584A0A7BD3}
		{9D5CFD7A-EDBB-4708-983C-B204BEB24C6E} = {6C5BAEE6-05C7-4970-9A53-C7584A0A7BD3}
		{49BCC9F5-F81E-46B0-8FDA-0EC3D7BA1C70} = {6C5BAEE6-05C7-4970-9A53-C7584A0A7BD3}
		{E5E6F059-F84C-4831-9E5F-A675DD935767} = {6C5BAEE6-05C7-4970-9A53-C7584A0A7BD3}
		{EF70A29C-E60A-44F1-9264-7E40A40FB7FC} = {6C5BAEE6-05C7-4970-9A53-C7584A0A7BD3}
		{906D2088-1E69-4013-A52C-DE1E22CCCBCC} = {6C5BAEE6-05C7-4970-9A53-C7584A0A7BD3}
	EndGlobalSection
EndGlobal
