
Microsoft Visual Studio Solution File, Format Version 11.00
# Visual Studio 2010
Project("{8BC9CEB8-8B4A-11D0-8D11-00A0C91BC942}") = "systemc-2.3.0", "systemc-2.3.0\msvc100\systemc-2.3.0.vcxproj", "{86DF4B8C-CF94-4EA8-B529-78997F0F30A7}"
EndProject
Project("{8BC9CEB8-8B4A-11D0-8D11-00A0C91BC942}") = "TEST_FT232R", "FT232R\TEST_FT232R.vcxproj", "{3976F2F9-470E-4353-B39C-9497CF6E101A}"
EndProject
Project("{8BC9CEB8-8B4A-11D0-8D11-00A0C91BC942}") = "TEST_UART", "UART\TEST_UART.vcxproj", "{D7B846DF-A6F0-421C-A6D2-D3E85A689520}"
EndProject
Project("{8BC9CEB8-8B4A-11D0-8D11-00A0C91BC942}") = "TEST_GPIO", "GPIO\TEST_GPIO.vcxproj", "{972B128C-3D43-44F9-8619-28565ACF1307}"
EndProject
Project("{8BC9CEB8-8B4A-11D0-8D11-00A0C91BC942}") = "TEST_SPI", "SPI\TEST_SPI.vcxproj", "{AF4AE408-64F1-4037-AB88-5139BB10C077}"
EndProject
Project("{8BC9CEB8-8B4A-11D0-8D11-00A0C91BC942}") = "TEST_NJL5501R", "NJL5501R\TEST_NJL5501R.vcxproj", "{28680B7A-8455-4634-9453-036D64028C09}"
EndProject
Project("{8BC9CEB8-8B4A-11D0-8D11-00A0C91BC942}") = "TEST_PWMDAC", "PWMDAC\TEST_PWMDAC.vcxproj", "{129534A7-0E30-4BD3-88BD-256BB5AD7C5C}"
EndProject
Project("{8BC9CEB8-8B4A-11D0-8D11-00A0C91BC942}") = "TEST_PulseOxyGlue", "PulseOxyGlue\TEST_PulseOxyGlue.vcxproj", "{D3429CCB-7BC2-461B-8C1D-D5FC4F38CE9D}"
EndProject
Project("{8BC9CEB8-8B4A-11D0-8D11-00A0C91BC942}") = "TEST_PulseOxyApp", "PulseOxyApp\TEST_PulseOxyApp.vcxproj", "{A0503A7E-4C05-45A1-B223-4B0B82395029}"
EndProject
Project("{8BC9CEB8-8B4A-11D0-8D11-00A0C91BC942}") = "TonkaSCLib", "TonkaSCLib\TonkaSCLib.vcxproj", "{40042102-532D-4059-B86F-333E85475F33}"
EndProject
Project("{2150E333-8FDC-42A3-9474-1A3956D46DE8}") = "TestBenches", "TestBenches", "{00E7B5A4-0C94-4A65-A42C-D6DE70ADCBA0}"
EndProject
Project("{8BC9CEB8-8B4A-11D0-8D11-00A0C91BC942}") = "TEST_PulseOxyApp_USB", "PulseOxyApp\TEST_PulseOxyApp_USB.vcxproj", "{92F50325-EB2D-48C1-A386-718D643B8ACB}"
EndProject
Project("{8BC9CEB8-8B4A-11D0-8D11-00A0C91BC942}") = "TEST_SCBUS", "SCBus\TEST_SCBUS.vcxproj", "{35F494A6-355C-4017-B74D-1CAC5BDB9810}"
EndProject
Project("{8BC9CEB8-8B4A-11D0-8D11-00A0C91BC942}") = "TEST_SCBusApp", "SCBusApp\TEST_SCBusApp.vcxproj", "{01ACCAB6-6DA9-4077-95A9-1444E1B8017A}"
EndProject
Project("{8BC9CEB8-8B4A-11D0-8D11-00A0C91BC942}") = "TEST_Arduino", "Arduino\TEST_Arduino.vcxproj", "{A8432A71-04D6-1473-A314-59380D772543}"
EndProject
Project("{8BC9CEB8-8B4A-11D0-8D11-00A0C91BC942}") = "TEST_VCDSource", "VCDSource\TEST_VCDSource.vcxproj", "{B23A05EF-B0A6-44BA-B010-14EEC4DC2EDF}"
EndProject
Project("{8BC9CEB8-8B4A-11D0-8D11-00A0C91BC942}") = "test_ccled", "CCLED\CCLED.vcxproj", "{BE89C852-6A09-47EC-BEB2-66E387070ABE}"
	ProjectSection(ProjectDependencies) = postProject
		{40042102-532D-4059-B86F-333E85475F33} = {40042102-532D-4059-B86F-333E85475F33}
		{86DF4B8C-CF94-4EA8-B529-78997F0F30A7} = {86DF4B8C-CF94-4EA8-B529-78997F0F30A7}
	EndProjectSection
EndProject
Global
	GlobalSection(SolutionConfigurationPlatforms) = preSolution
		Debug|Win32 = Debug|Win32
		Release|Win32 = Release|Win32
	EndGlobalSection
	GlobalSection(ProjectConfigurationPlatforms) = postSolution
		{86DF4B8C-CF94-4EA8-B529-78997F0F30A7}.Debug|Win32.ActiveCfg = Debug|Win32
		{86DF4B8C-CF94-4EA8-B529-78997F0F30A7}.Debug|Win32.Build.0 = Debug|Win32
		{86DF4B8C-CF94-4EA8-B529-78997F0F30A7}.Release|Win32.ActiveCfg = Release|Win32
		{86DF4B8C-CF94-4EA8-B529-78997F0F30A7}.Release|Win32.Build.0 = Release|Win32
		{3976F2F9-470E-4353-B39C-9497CF6E101A}.Debug|Win32.ActiveCfg = Debug|Win32
		{3976F2F9-470E-4353-B39C-9497CF6E101A}.Debug|Win32.Build.0 = Debug|Win32
		{3976F2F9-470E-4353-B39C-9497CF6E101A}.Release|Win32.ActiveCfg = Release|Win32
		{3976F2F9-470E-4353-B39C-9497CF6E101A}.Release|Win32.Build.0 = Release|Win32
		{D7B846DF-A6F0-421C-A6D2-D3E85A689520}.Debug|Win32.ActiveCfg = Debug|Win32
		{D7B846DF-A6F0-421C-A6D2-D3E85A689520}.Debug|Win32.Build.0 = Debug|Win32
		{D7B846DF-A6F0-421C-A6D2-D3E85A689520}.Release|Win32.ActiveCfg = Release|Win32
		{D7B846DF-A6F0-421C-A6D2-D3E85A689520}.Release|Win32.Build.0 = Release|Win32
		{972B128C-3D43-44F9-8619-28565ACF1307}.Debug|Win32.ActiveCfg = Debug|Win32
		{972B128C-3D43-44F9-8619-28565ACF1307}.Debug|Win32.Build.0 = Debug|Win32
		{972B128C-3D43-44F9-8619-28565ACF1307}.Release|Win32.ActiveCfg = Release|Win32
		{972B128C-3D43-44F9-8619-28565ACF1307}.Release|Win32.Build.0 = Release|Win32
		{AF4AE408-64F1-4037-AB88-5139BB10C077}.Debug|Win32.ActiveCfg = Debug|Win32
		{AF4AE408-64F1-4037-AB88-5139BB10C077}.Debug|Win32.Build.0 = Debug|Win32
		{AF4AE408-64F1-4037-AB88-5139BB10C077}.Release|Win32.ActiveCfg = Release|Win32
		{AF4AE408-64F1-4037-AB88-5139BB10C077}.Release|Win32.Build.0 = Release|Win32
		{28680B7A-8455-4634-9453-036D64028C09}.Debug|Win32.ActiveCfg = Debug|Win32
		{28680B7A-8455-4634-9453-036D64028C09}.Debug|Win32.Build.0 = Debug|Win32
		{28680B7A-8455-4634-9453-036D64028C09}.Release|Win32.ActiveCfg = Release|Win32
		{28680B7A-8455-4634-9453-036D64028C09}.Release|Win32.Build.0 = Release|Win32
		{129534A7-0E30-4BD3-88BD-256BB5AD7C5C}.Debug|Win32.ActiveCfg = Debug|Win32
		{129534A7-0E30-4BD3-88BD-256BB5AD7C5C}.Debug|Win32.Build.0 = Debug|Win32
		{129534A7-0E30-4BD3-88BD-256BB5AD7C5C}.Release|Win32.ActiveCfg = Release|Win32
		{129534A7-0E30-4BD3-88BD-256BB5AD7C5C}.Release|Win32.Build.0 = Release|Win32
		{D3429CCB-7BC2-461B-8C1D-D5FC4F38CE9D}.Debug|Win32.ActiveCfg = Debug|Win32
		{D3429CCB-7BC2-461B-8C1D-D5FC4F38CE9D}.Debug|Win32.Build.0 = Debug|Win32
		{D3429CCB-7BC2-461B-8C1D-D5FC4F38CE9D}.Release|Win32.ActiveCfg = Release|Win32
		{D3429CCB-7BC2-461B-8C1D-D5FC4F38CE9D}.Release|Win32.Build.0 = Release|Win32
		{A0503A7E-4C05-45A1-B223-4B0B82395029}.Debug|Win32.ActiveCfg = Debug|Win32
		{A0503A7E-4C05-45A1-B223-4B0B82395029}.Debug|Win32.Build.0 = Debug|Win32
		{A0503A7E-4C05-45A1-B223-4B0B82395029}.Release|Win32.ActiveCfg = Release|Win32
		{A0503A7E-4C05-45A1-B223-4B0B82395029}.Release|Win32.Build.0 = Release|Win32
		{40042102-532D-4059-B86F-333E85475F33}.Debug|Win32.ActiveCfg = Debug|Win32
		{40042102-532D-4059-B86F-333E85475F33}.Debug|Win32.Build.0 = Debug|Win32
		{40042102-532D-4059-B86F-333E85475F33}.Release|Win32.ActiveCfg = Release|Win32
		{40042102-532D-4059-B86F-333E85475F33}.Release|Win32.Build.0 = Release|Win32
		{92F50325-EB2D-48C1-A386-718D643B8ACB}.Debug|Win32.ActiveCfg = Debug|Win32
		{92F50325-EB2D-48C1-A386-718D643B8ACB}.Debug|Win32.Build.0 = Debug|Win32
		{92F50325-EB2D-48C1-A386-718D643B8ACB}.Release|Win32.ActiveCfg = Release|Win32
		{92F50325-EB2D-48C1-A386-718D643B8ACB}.Release|Win32.Build.0 = Release|Win32
		{35F494A6-355C-4017-B74D-1CAC5BDB9810}.Debug|Win32.ActiveCfg = Debug|Win32
		{35F494A6-355C-4017-B74D-1CAC5BDB9810}.Debug|Win32.Build.0 = Debug|Win32
		{35F494A6-355C-4017-B74D-1CAC5BDB9810}.Release|Win32.ActiveCfg = Release|Win32
		{35F494A6-355C-4017-B74D-1CAC5BDB9810}.Release|Win32.Build.0 = Release|Win32
		{01ACCAB6-6DA9-4077-95A9-1444E1B8017A}.Debug|Win32.ActiveCfg = Debug|Win32
		{01ACCAB6-6DA9-4077-95A9-1444E1B8017A}.Debug|Win32.Build.0 = Debug|Win32
		{01ACCAB6-6DA9-4077-95A9-1444E1B8017A}.Release|Win32.ActiveCfg = Release|Win32
		{01ACCAB6-6DA9-4077-95A9-1444E1B8017A}.Release|Win32.Build.0 = Release|Win32
		{A8432A71-04D6-1473-A314-59380D772543}.Debug|Win32.ActiveCfg = Debug|Win32
		{A8432A71-04D6-1473-A314-59380D772543}.Debug|Win32.Build.0 = Debug|Win32
		{A8432A71-04D6-1473-A314-59380D772543}.Release|Win32.ActiveCfg = Release|Win32
		{A8432A71-04D6-1473-A314-59380D772543}.Release|Win32.Build.0 = Release|Win32
		{B23A05EF-B0A6-44BA-B010-14EEC4DC2EDF}.Debug|Win32.ActiveCfg = Debug|Win32
		{B23A05EF-B0A6-44BA-B010-14EEC4DC2EDF}.Debug|Win32.Build.0 = Debug|Win32
		{B23A05EF-B0A6-44BA-B010-14EEC4DC2EDF}.Release|Win32.ActiveCfg = Release|Win32
		{B23A05EF-B0A6-44BA-B010-14EEC4DC2EDF}.Release|Win32.Build.0 = Release|Win32
		{BE89C852-6A09-47EC-BEB2-66E387070ABE}.Debug|Win32.ActiveCfg = Debug|Win32
		{BE89C852-6A09-47EC-BEB2-66E387070ABE}.Debug|Win32.Build.0 = Debug|Win32
		{BE89C852-6A09-47EC-BEB2-66E387070ABE}.Release|Win32.ActiveCfg = Release|Win32
		{BE89C852-6A09-47EC-BEB2-66E387070ABE}.Release|Win32.Build.0 = Release|Win32
	EndGlobalSection
	GlobalSection(SolutionProperties) = preSolution
		HideSolutionNode = FALSE
	EndGlobalSection
	GlobalSection(NestedProjects) = preSolution
		{D7B846DF-A6F0-421C-A6D2-D3E85A689520} = {00E7B5A4-0C94-4A65-A42C-D6DE70ADCBA0}
		{972B128C-3D43-44F9-8619-28565ACF1307} = {00E7B5A4-0C94-4A65-A42C-D6DE70ADCBA0}
		{AF4AE408-64F1-4037-AB88-5139BB10C077} = {00E7B5A4-0C94-4A65-A42C-D6DE70ADCBA0}
		{28680B7A-8455-4634-9453-036D64028C09} = {00E7B5A4-0C94-4A65-A42C-D6DE70ADCBA0}
		{129534A7-0E30-4BD3-88BD-256BB5AD7C5C} = {00E7B5A4-0C94-4A65-A42C-D6DE70ADCBA0}
		{D3429CCB-7BC2-461B-8C1D-D5FC4F38CE9D} = {00E7B5A4-0C94-4A65-A42C-D6DE70ADCBA0}
		{A0503A7E-4C05-45A1-B223-4B0B82395029} = {00E7B5A4-0C94-4A65-A42C-D6DE70ADCBA0}
		{3976F2F9-470E-4353-B39C-9497CF6E101A} = {00E7B5A4-0C94-4A65-A42C-D6DE70ADCBA0}
		{92F50325-EB2D-48C1-A386-718D643B8ACB} = {00E7B5A4-0C94-4A65-A42C-D6DE70ADCBA0}
		{35F494A6-355C-4017-B74D-1CAC5BDB9810} = {00E7B5A4-0C94-4A65-A42C-D6DE70ADCBA0}
		{01ACCAB6-6DA9-4077-95A9-1444E1B8017A} = {00E7B5A4-0C94-4A65-A42C-D6DE70ADCBA0}
		{A8432A71-04D6-1473-A314-59380D772543} = {00E7B5A4-0C94-4A65-A42C-D6DE70ADCBA0}
		{B23A05EF-B0A6-44BA-B010-14EEC4DC2EDF} = {00E7B5A4-0C94-4A65-A42C-D6DE70ADCBA0}
		{BE89C852-6A09-47EC-BEB2-66E387070ABE} = {00E7B5A4-0C94-4A65-A42C-D6DE70ADCBA0}
	EndGlobalSection
EndGlobal
