
Microsoft Visual Studio Solution File, Format Version 11.00
# Visual Studio 2010
Project("{8BC9CEB8-8B4A-11D0-8D11-00A0C91BC942}") = "SystemCTestBench", "SystemCTestBench.vcxproj", "{F7064606-0AC6-4120-9E4E-C37748B7AF5C}"
EndProject
Global
	GlobalSection(SolutionConfigurationPlatforms) = preSolution
		Debug|Win32 = Debug|Win32
		Release|Win32 = Release|Win32
	EndGlobalSection
	GlobalSection(ProjectConfigurationPlatforms) = postSolution
		{F7064606-0AC6-4120-9E4E-C37748B7AF5C}.Debug|Win32.ActiveCfg = Debug|Win32
		{F7064606-0AC6-4120-9E4E-C37748B7AF5C}.Debug|Win32.Build.0 = Debug|Win32
		{F7064606-0AC6-4120-9E4E-C37748B7AF5C}.Release|Win32.ActiveCfg = Release|Win32
		{F7064606-0AC6-4120-9E4E-C37748B7AF5C}.Release|Win32.Build.0 = Release|Win32
	EndGlobalSection
	GlobalSection(SolutionProperties) = preSolution
		HideSolutionNode = FALSE
	EndGlobalSection
EndGlobal
